// !$*UTF8*$!
{
	archiveVersion = 1;
	classes = {
	};
	objectVersion = 55;
	objects = {

/* Begin PBXBuildFile section */
		C91982572876E297005D049C /* InfoButton.swift in Sources */ = {isa = PBXBuildFile; fileRef = C91982562876E297005D049C /* InfoButton.swift */; };
		C9198259287786C7005D049C /* SortOptions.swift in Sources */ = {isa = PBXBuildFile; fileRef = C9198258287786C7005D049C /* SortOptions.swift */; };
		C92F6C37286C525A00D7BA59 /* FileManager.swift in Sources */ = {isa = PBXBuildFile; fileRef = C92F6C36286C525A00D7BA59 /* FileManager.swift */; };
		C92F6C3C286D9D2100D7BA59 /* ProgramSummaryView.swift in Sources */ = {isa = PBXBuildFile; fileRef = C92F6C3B286D9D2100D7BA59 /* ProgramSummaryView.swift */; };
		C92F6C3E286DDFF400D7BA59 /* View-Wrapped.swift in Sources */ = {isa = PBXBuildFile; fileRef = C92F6C3D286DDFF400D7BA59 /* View-Wrapped.swift */; };
		C92F6C42286F00EB00D7BA59 /* LayoutUtils.swift in Sources */ = {isa = PBXBuildFile; fileRef = C92F6C41286F00EB00D7BA59 /* LayoutUtils.swift */; };
		C92F6C44286F0B0000D7BA59 /* ProgramDurationView.swift in Sources */ = {isa = PBXBuildFile; fileRef = C92F6C43286F0B0000D7BA59 /* ProgramDurationView.swift */; };
		C92F6C46286F1B6500D7BA59 /* DurationView.swift in Sources */ = {isa = PBXBuildFile; fileRef = C92F6C45286F1B6500D7BA59 /* DurationView.swift */; };
		C932522028798B7A009D5479 /* WelcomeView.swift in Sources */ = {isa = PBXBuildFile; fileRef = C932521F28798B7A009D5479 /* WelcomeView.swift */; };
		C9445C6D285E00D000DF2A08 /* ExerciseDetailsView.swift in Sources */ = {isa = PBXBuildFile; fileRef = C9445C6C285E00D000DF2A08 /* ExerciseDetailsView.swift */; };
		C9445C71285E0A9300DF2A08 /* ExerciseEditor.swift in Sources */ = {isa = PBXBuildFile; fileRef = C9445C70285E0A9300DF2A08 /* ExerciseEditor.swift */; };
		C95011C728196FFD0043EC75 /* SPracticeApp.swift in Sources */ = {isa = PBXBuildFile; fileRef = C95011C628196FFD0043EC75 /* SPracticeApp.swift */; };
		C95011C928196FFD0043EC75 /* ContentView.swift in Sources */ = {isa = PBXBuildFile; fileRef = C95011C828196FFD0043EC75 /* ContentView.swift */; };
		C95011CB28196FFE0043EC75 /* Assets.xcassets in Resources */ = {isa = PBXBuildFile; fileRef = C95011CA28196FFE0043EC75 /* Assets.xcassets */; };
		C95011CE28196FFE0043EC75 /* Preview Assets.xcassets in Resources */ = {isa = PBXBuildFile; fileRef = C95011CD28196FFE0043EC75 /* Preview Assets.xcassets */; };
		C95011D52819703D0043EC75 /* ClockView.swift in Sources */ = {isa = PBXBuildFile; fileRef = C95011D42819703D0043EC75 /* ClockView.swift */; };
		C95F17832884194A00E8446D /* PreparedProgram.swift in Sources */ = {isa = PBXBuildFile; fileRef = C95F17822884194A00E8446D /* PreparedProgram.swift */; };
		C95F17852884431700E8446D /* SettingsLink.swift in Sources */ = {isa = PBXBuildFile; fileRef = C95F17842884431700E8446D /* SettingsLink.swift */; };
		C967287C2874553600B4990C /* Exercise.swift in Sources */ = {isa = PBXBuildFile; fileRef = C967287B2874553600B4990C /* Exercise.swift */; };
		C967287E287457B500B4990C /* Program.swift in Sources */ = {isa = PBXBuildFile; fileRef = C967287D287457B500B4990C /* Program.swift */; };
		C96728832874E11A00B4990C /* IconTextView.swift in Sources */ = {isa = PBXBuildFile; fileRef = C96728822874E11A00B4990C /* IconTextView.swift */; };
		C96728852874E71700B4990C /* PracticeSummaryView.swift in Sources */ = {isa = PBXBuildFile; fileRef = C96728842874E71700B4990C /* PracticeSummaryView.swift */; };
		C9692C76284F4E9100373730 /* ClockTime.swift in Sources */ = {isa = PBXBuildFile; fileRef = C9692C75284F4E9100373730 /* ClockTime.swift */; };
		C9692C7C284F787700373730 /* ExerciseShortView.swift in Sources */ = {isa = PBXBuildFile; fileRef = C9692C7B284F787700373730 /* ExerciseShortView.swift */; };
		C9692C7F2850A35A00373730 /* ExercisesView.swift in Sources */ = {isa = PBXBuildFile; fileRef = C9692C7E2850A35A00373730 /* ExercisesView.swift */; };
		C9692C832850A78300373730 /* TemplateManager.swift in Sources */ = {isa = PBXBuildFile; fileRef = C9692C822850A78300373730 /* TemplateManager.swift */; };
		C9692C852850F47500373730 /* ExerciseSelectionView.swift in Sources */ = {isa = PBXBuildFile; fileRef = C9692C842850F47500373730 /* ExerciseSelectionView.swift */; };
		C9741A322860857F00E1F670 /* AddProgramView.swift in Sources */ = {isa = PBXBuildFile; fileRef = C9741A312860857F00E1F670 /* AddProgramView.swift */; };
		C9741A34286085E400E1F670 /* EditProgramView.swift in Sources */ = {isa = PBXBuildFile; fileRef = C9741A33286085E400E1F670 /* EditProgramView.swift */; };
		C9741A362860860C00E1F670 /* ProgramEditor.swift in Sources */ = {isa = PBXBuildFile; fileRef = C9741A352860860C00E1F670 /* ProgramEditor.swift */; };
		C9741A382860862900E1F670 /* ProgramEditor-ViewModel.swift in Sources */ = {isa = PBXBuildFile; fileRef = C9741A372860862900E1F670 /* ProgramEditor-ViewModel.swift */; };
		C9741A3C2860CD6300E1F670 /* ExerciseTypeImage.swift in Sources */ = {isa = PBXBuildFile; fileRef = C9741A3B2860CD6200E1F670 /* ExerciseTypeImage.swift */; };
		C9741A3E2861128800E1F670 /* View-ImageRenderer.swift in Sources */ = {isa = PBXBuildFile; fileRef = C9741A3D2861128800E1F670 /* View-ImageRenderer.swift */; };
		C9741A5A2861EB0C00E1F670 /* ExerciseDetailsView-ViewModel.swift in Sources */ = {isa = PBXBuildFile; fileRef = C9741A592861EB0C00E1F670 /* ExerciseDetailsView-ViewModel.swift */; };
		C9741A5D2861F54600E1F670 /* IntensityImage.swift in Sources */ = {isa = PBXBuildFile; fileRef = C9741A5C2861F54600E1F670 /* IntensityImage.swift */; };
		C9741A5F2863208100E1F670 /* TaskDetailsShortView.swift in Sources */ = {isa = PBXBuildFile; fileRef = C9741A5E2863208100E1F670 /* TaskDetailsShortView.swift */; };
		C996981828646E53009836BD /* ExerciseDurationView.swift in Sources */ = {isa = PBXBuildFile; fileRef = C996981728646E53009836BD /* ExerciseDurationView.swift */; };
		C996981A286477CB009836BD /* ExerciseTypeView.swift in Sources */ = {isa = PBXBuildFile; fileRef = C9969819286477CB009836BD /* ExerciseTypeView.swift */; };
		C99D20E228719BB300F655C8 /* IntensityView.swift in Sources */ = {isa = PBXBuildFile; fileRef = C99D20E128719BB300F655C8 /* IntensityView.swift */; };
		C99D281628799AE700596FBD /* DetailsView.swift in Sources */ = {isa = PBXBuildFile; fileRef = C99D281528799AE700596FBD /* DetailsView.swift */; };
		C99D28182879A05F00596FBD /* DataManager.swift in Sources */ = {isa = PBXBuildFile; fileRef = C99D28172879A05F00596FBD /* DataManager.swift */; };
		C9A028FA287831CC00032FF9 /* ContentView-ViewModel.swift in Sources */ = {isa = PBXBuildFile; fileRef = C9A028F9287831CC00032FF9 /* ContentView-ViewModel.swift */; };
		C9A028FC287833F200032FF9 /* ManagedList.swift in Sources */ = {isa = PBXBuildFile; fileRef = C9A028FB287833F200032FF9 /* ManagedList.swift */; };
		C9A028FF2878354E00032FF9 /* SortingMenu.swift in Sources */ = {isa = PBXBuildFile; fileRef = C9A028FE2878354E00032FF9 /* SortingMenu.swift */; };
		C9A029032878478E00032FF9 /* DeleteAlert.swift in Sources */ = {isa = PBXBuildFile; fileRef = C9A029022878478E00032FF9 /* DeleteAlert.swift */; };
		C9A0CFEA281AB32B000CF439 /* Task.swift in Sources */ = {isa = PBXBuildFile; fileRef = C9A0CFE9281AB32B000CF439 /* Task.swift */; };
		C9A0CFEC281AB382000CF439 /* PracticeExercise.swift in Sources */ = {isa = PBXBuildFile; fileRef = C9A0CFEB281AB382000CF439 /* PracticeExercise.swift */; };
		C9A0CFEE281AB484000CF439 /* PracticeProgram.swift in Sources */ = {isa = PBXBuildFile; fileRef = C9A0CFED281AB484000CF439 /* PracticeProgram.swift */; };
		C9A0CFF2281B3733000CF439 /* PracticeExerciseView.swift in Sources */ = {isa = PBXBuildFile; fileRef = C9A0CFF1281B3733000CF439 /* PracticeExerciseView.swift */; };
		C9A0CFF5281BD588000CF439 /* ProgramTemplate.swift in Sources */ = {isa = PBXBuildFile; fileRef = C9A0CFF4281BD588000CF439 /* ProgramTemplate.swift */; };
		C9A0CFF7281BD815000CF439 /* ExerciseTemplate.swift in Sources */ = {isa = PBXBuildFile; fileRef = C9A0CFF6281BD815000CF439 /* ExerciseTemplate.swift */; };
		C9A0CFFF281BDDEA000CF439 /* PracticeView.swift in Sources */ = {isa = PBXBuildFile; fileRef = C9A0CFFE281BDDEA000CF439 /* PracticeView.swift */; };
		C9A0D001281BE4C8000CF439 /* PlayerView.swift in Sources */ = {isa = PBXBuildFile; fileRef = C9A0D000281BE4C8000CF439 /* PlayerView.swift */; };
		C9A0D003281C03F5000CF439 /* Clock.swift in Sources */ = {isa = PBXBuildFile; fileRef = C9A0D002281C03F5000CF439 /* Clock.swift */; };
		C9A0D00828228078000CF439 /* ProgramsView.swift in Sources */ = {isa = PBXBuildFile; fileRef = C9A0D00728228078000CF439 /* ProgramsView.swift */; };
		C9A0D01A2827CEC9000CF439 /* Squirrel.swift in Sources */ = {isa = PBXBuildFile; fileRef = C9A0D0192827CEC9000CF439 /* Squirrel.swift */; };
		C9A0D01C28280DFA000CF439 /* SquirrelDrawer.swift in Sources */ = {isa = PBXBuildFile; fileRef = C9A0D01B28280DFA000CF439 /* SquirrelDrawer.swift */; };
		C9A0D01E28280E77000CF439 /* SquirrelInWheelLogo.swift in Sources */ = {isa = PBXBuildFile; fileRef = C9A0D01D28280E77000CF439 /* SquirrelInWheelLogo.swift */; };
		C9A0D02028280F13000CF439 /* SquirrelInWheel.swift in Sources */ = {isa = PBXBuildFile; fileRef = C9A0D01F28280F13000CF439 /* SquirrelInWheel.swift */; };
		C9A0D02228280F3E000CF439 /* RightWing.swift in Sources */ = {isa = PBXBuildFile; fileRef = C9A0D02128280F3E000CF439 /* RightWing.swift */; };
		C9A0D024282813F2000CF439 /* ColorTheme.swift in Sources */ = {isa = PBXBuildFile; fileRef = C9A0D023282813F2000CF439 /* ColorTheme.swift */; };
		C9A0D027282A613A000CF439 /* PracticeSequenceView.swift in Sources */ = {isa = PBXBuildFile; fileRef = C9A0D026282A613A000CF439 /* PracticeSequenceView.swift */; };
		C9A0D029282BD603000CF439 /* Practice.swift in Sources */ = {isa = PBXBuildFile; fileRef = C9A0D028282BD603000CF439 /* Practice.swift */; };
		C9A0D02B282BE586000CF439 /* Player.swift in Sources */ = {isa = PBXBuildFile; fileRef = C9A0D02A282BE586000CF439 /* Player.swift */; };
		C9ADD739287F602F00F465D5 /* RestoreDefaultsButton.swift in Sources */ = {isa = PBXBuildFile; fileRef = C9ADD738287F602F00F465D5 /* RestoreDefaultsButton.swift */; };
		C9B1E744287C266000C92571 /* SettingsView.swift in Sources */ = {isa = PBXBuildFile; fileRef = C9B1E743287C266000C92571 /* SettingsView.swift */; };
		C9B1E746287C293F00C92571 /* TabataSettingsView.swift in Sources */ = {isa = PBXBuildFile; fileRef = C9B1E745287C293F00C92571 /* TabataSettingsView.swift */; };
		C9B1E748287C295900C92571 /* FlowSettingsView.swift in Sources */ = {isa = PBXBuildFile; fileRef = C9B1E747287C295900C92571 /* FlowSettingsView.swift */; };
		C9C2727C2848C91500F7DA0E /* Array-Wrapper.swift in Sources */ = {isa = PBXBuildFile; fileRef = C9C2727B2848C91500F7DA0E /* Array-Wrapper.swift */; };
		C9CCCE94284A311A005665C8 /* ExerciseEditor-ViewModel.swift in Sources */ = {isa = PBXBuildFile; fileRef = C9CCCE93284A311A005665C8 /* ExerciseEditor-ViewModel.swift */; };
		C9CCCE96284A31B9005665C8 /* ClockTime-Calculator.swift in Sources */ = {isa = PBXBuildFile; fileRef = C9CCCE95284A31B9005665C8 /* ClockTime-Calculator.swift */; };
		C9CCCE98284B6DE5005665C8 /* ProgramDetailsView.swift in Sources */ = {isa = PBXBuildFile; fileRef = C9CCCE97284B6DE5005665C8 /* ProgramDetailsView.swift */; };
		C9CCCE9A284B6E09005665C8 /* ProgramDetailsView-ViewModel.swift in Sources */ = {isa = PBXBuildFile; fileRef = C9CCCE99284B6E09005665C8 /* ProgramDetailsView-ViewModel.swift */; };
		C9CEAA00287C2DFF00D15A16 /* SettingsSubgroupDetailsView.swift in Sources */ = {isa = PBXBuildFile; fileRef = C9CEA9FF287C2DFF00D15A16 /* SettingsSubgroupDetailsView.swift */; };
		C9CEAA02287C307D00D15A16 /* PauseSettingsView.swift in Sources */ = {isa = PBXBuildFile; fileRef = C9CEAA01287C307D00D15A16 /* PauseSettingsView.swift */; };
		C9CEAA04287C309D00D15A16 /* ExamplesSettingsView.swift in Sources */ = {isa = PBXBuildFile; fileRef = C9CEAA03287C309D00D15A16 /* ExamplesSettingsView.swift */; };
		C9CEAA06287C438500D15A16 /* DurationSecondsControl.swift in Sources */ = {isa = PBXBuildFile; fileRef = C9CEAA05287C438500D15A16 /* DurationSecondsControl.swift */; };
		C9CEAA08287C44EB00D15A16 /* DurationMinutesControl.swift in Sources */ = {isa = PBXBuildFile; fileRef = C9CEAA07287C44EB00D15A16 /* DurationMinutesControl.swift */; };
		C9CEAA0A287C462F00D15A16 /* DurationControl.swift in Sources */ = {isa = PBXBuildFile; fileRef = C9CEAA09287C462F00D15A16 /* DurationControl.swift */; };
		C9CEAA0D287C619F00D15A16 /* SettingsManager.swift in Sources */ = {isa = PBXBuildFile; fileRef = C9CEAA0C287C619F00D15A16 /* SettingsManager.swift */; };
		C9CEAA11287D964900D15A16 /* NumberSelectionControl.swift in Sources */ = {isa = PBXBuildFile; fileRef = C9CEAA10287D964900D15A16 /* NumberSelectionControl.swift */; };
		C9CEAA13287DA76A00D15A16 /* SettingsSubgroupView.swift in Sources */ = {isa = PBXBuildFile; fileRef = C9CEAA12287DA76A00D15A16 /* SettingsSubgroupView.swift */; };
		C9CEAA15287DC98E00D15A16 /* SettingsItem.swift in Sources */ = {isa = PBXBuildFile; fileRef = C9CEAA14287DC98E00D15A16 /* SettingsItem.swift */; };
		C9CEAA17287DCCFD00D15A16 /* SettingsGroup.swift in Sources */ = {isa = PBXBuildFile; fileRef = C9CEAA16287DCCFD00D15A16 /* SettingsGroup.swift */; };
		C9CEAA19287EB35100D15A16 /* ExerciseTasksButton.swift in Sources */ = {isa = PBXBuildFile; fileRef = C9CEAA18287EB35100D15A16 /* ExerciseTasksButton.swift */; };
		C9CEAA1B287EB83B00D15A16 /* SettingsLinkView.swift in Sources */ = {isa = PBXBuildFile; fileRef = C9CEAA1A287EB83B00D15A16 /* SettingsLinkView.swift */; };
		C9CEAA1D287EC63600D15A16 /* RestartIconButton.swift in Sources */ = {isa = PBXBuildFile; fileRef = C9CEAA1C287EC63600D15A16 /* RestartIconButton.swift */; };
		C9D156AE28533DD7007F5176 /* ExerciseSelectionView-ViewModel.swift in Sources */ = {isa = PBXBuildFile; fileRef = C9D156AD28533DD7007F5176 /* ExerciseSelectionView-ViewModel.swift */; };
		C9D156B028534E88007F5176 /* AddExerciseView.swift in Sources */ = {isa = PBXBuildFile; fileRef = C9D156AF28534E88007F5176 /* AddExerciseView.swift */; };
		C9D156B228534F5C007F5176 /* EditExerciseView.swift in Sources */ = {isa = PBXBuildFile; fileRef = C9D156B128534F5C007F5176 /* EditExerciseView.swift */; };
		C9D53FAD286F2C4800FD2B6F /* Duration.swift in Sources */ = {isa = PBXBuildFile; fileRef = C9D53FAC286F2C4800FD2B6F /* Duration.swift */; };
		C9D53FAF287040DD00FD2B6F /* ExerciseTasksView.swift in Sources */ = {isa = PBXBuildFile; fileRef = C9D53FAE287040DD00FD2B6F /* ExerciseTasksView.swift */; };
		C9D53FB128704B3800FD2B6F /* AddExerciseView-ViewModel.swift in Sources */ = {isa = PBXBuildFile; fileRef = C9D53FB028704B3800FD2B6F /* AddExerciseView-ViewModel.swift */; };
		C9D53FB328704C6500FD2B6F /* EditExerciseView-ViewModel.swift in Sources */ = {isa = PBXBuildFile; fileRef = C9D53FB228704C6500FD2B6F /* EditExerciseView-ViewModel.swift */; };
		C9D53FB528704E4000FD2B6F /* ValidationService.swift in Sources */ = {isa = PBXBuildFile; fileRef = C9D53FB428704E4000FD2B6F /* ValidationService.swift */; };
		C9D53FB82870507400FD2B6F /* AddProgramView-ViewModel.swift in Sources */ = {isa = PBXBuildFile; fileRef = C9D53FB72870507400FD2B6F /* AddProgramView-ViewModel.swift */; };
		C9D53FBA2870519200FD2B6F /* EditProgramView-ViewModel.swift in Sources */ = {isa = PBXBuildFile; fileRef = C9D53FB92870519200FD2B6F /* EditProgramView-ViewModel.swift */; };
		C9D53FBC287064E200FD2B6F /* ProgramDurationSection.swift in Sources */ = {isa = PBXBuildFile; fileRef = C9D53FBB287064E200FD2B6F /* ProgramDurationSection.swift */; };
		C9DE151F2868AADE0011324C /* ExerciseType.swift in Sources */ = {isa = PBXBuildFile; fileRef = C9DE151E2868AADE0011324C /* ExerciseType.swift */; };
		C9DE15212868AB520011324C /* Intensity.swift in Sources */ = {isa = PBXBuildFile; fileRef = C9DE15202868AB520011324C /* Intensity.swift */; };
		C9DE15282868B3CE0011324C /* Exercises.swift in Sources */ = {isa = PBXBuildFile; fileRef = C9DE15272868B3CE0011324C /* Exercises.swift */; };
		C9DE152A2868B5500011324C /* Programs.swift in Sources */ = {isa = PBXBuildFile; fileRef = C9DE15292868B5500011324C /* Programs.swift */; };
		C9DE152C2868FE170011324C /* ExerciseShortDecorativeView.swift in Sources */ = {isa = PBXBuildFile; fileRef = C9DE152B2868FE170011324C /* ExerciseShortDecorativeView.swift */; };
		C9E0C42728801CDE00B8FBA8 /* SettingsConstants.swift in Sources */ = {isa = PBXBuildFile; fileRef = C9E0C42628801CDE00B8FBA8 /* SettingsConstants.swift */; };
		C9EB6D952881902B0026186C /* String-Empty.swift in Sources */ = {isa = PBXBuildFile; fileRef = C9EB6D942881902B0026186C /* String-Empty.swift */; };
		C9EB6D972882B9D10026186C /* View-Truncated.swift in Sources */ = {isa = PBXBuildFile; fileRef = C9EB6D962882B9D10026186C /* View-Truncated.swift */; };
		C9F604E2287AD57E00838462 /* ProgramShortDecorativeView.swift in Sources */ = {isa = PBXBuildFile; fileRef = C9F604E1287AD57E00838462 /* ProgramShortDecorativeView.swift */; };
/* End PBXBuildFile section */

/* Begin PBXFileReference section */
		C91982562876E297005D049C /* InfoButton.swift */ = {isa = PBXFileReference; lastKnownFileType = sourcecode.swift; path = InfoButton.swift; sourceTree = "<group>"; };
		C9198258287786C7005D049C /* SortOptions.swift */ = {isa = PBXFileReference; lastKnownFileType = sourcecode.swift; path = SortOptions.swift; sourceTree = "<group>"; };
		C92F6C36286C525A00D7BA59 /* FileManager.swift */ = {isa = PBXFileReference; lastKnownFileType = sourcecode.swift; path = FileManager.swift; sourceTree = "<group>"; };
		C92F6C3B286D9D2100D7BA59 /* ProgramSummaryView.swift */ = {isa = PBXFileReference; lastKnownFileType = sourcecode.swift; path = ProgramSummaryView.swift; sourceTree = "<group>"; };
		C92F6C3D286DDFF400D7BA59 /* View-Wrapped.swift */ = {isa = PBXFileReference; lastKnownFileType = sourcecode.swift; path = "View-Wrapped.swift"; sourceTree = "<group>"; };
		C92F6C41286F00EB00D7BA59 /* LayoutUtils.swift */ = {isa = PBXFileReference; lastKnownFileType = sourcecode.swift; path = LayoutUtils.swift; sourceTree = "<group>"; };
		C92F6C43286F0B0000D7BA59 /* ProgramDurationView.swift */ = {isa = PBXFileReference; lastKnownFileType = sourcecode.swift; path = ProgramDurationView.swift; sourceTree = "<group>"; };
		C92F6C45286F1B6500D7BA59 /* DurationView.swift */ = {isa = PBXFileReference; lastKnownFileType = sourcecode.swift; path = DurationView.swift; sourceTree = "<group>"; };
		C932521F28798B7A009D5479 /* WelcomeView.swift */ = {isa = PBXFileReference; lastKnownFileType = sourcecode.swift; path = WelcomeView.swift; sourceTree = "<group>"; };
		C9445C6C285E00D000DF2A08 /* ExerciseDetailsView.swift */ = {isa = PBXFileReference; lastKnownFileType = sourcecode.swift; path = ExerciseDetailsView.swift; sourceTree = "<group>"; };
		C9445C70285E0A9300DF2A08 /* ExerciseEditor.swift */ = {isa = PBXFileReference; lastKnownFileType = sourcecode.swift; path = ExerciseEditor.swift; sourceTree = "<group>"; };
		C95011C328196FFD0043EC75 /* SPractice.app */ = {isa = PBXFileReference; explicitFileType = wrapper.application; includeInIndex = 0; path = SPractice.app; sourceTree = BUILT_PRODUCTS_DIR; };
		C95011C628196FFD0043EC75 /* SPracticeApp.swift */ = {isa = PBXFileReference; lastKnownFileType = sourcecode.swift; path = SPracticeApp.swift; sourceTree = "<group>"; };
		C95011C828196FFD0043EC75 /* ContentView.swift */ = {isa = PBXFileReference; lastKnownFileType = sourcecode.swift; path = ContentView.swift; sourceTree = "<group>"; };
		C95011CA28196FFE0043EC75 /* Assets.xcassets */ = {isa = PBXFileReference; lastKnownFileType = folder.assetcatalog; path = Assets.xcassets; sourceTree = "<group>"; };
		C95011CD28196FFE0043EC75 /* Preview Assets.xcassets */ = {isa = PBXFileReference; lastKnownFileType = folder.assetcatalog; path = "Preview Assets.xcassets"; sourceTree = "<group>"; };
		C95011D42819703D0043EC75 /* ClockView.swift */ = {isa = PBXFileReference; lastKnownFileType = sourcecode.swift; path = ClockView.swift; sourceTree = "<group>"; };
		C95F17822884194A00E8446D /* PreparedProgram.swift */ = {isa = PBXFileReference; lastKnownFileType = sourcecode.swift; path = PreparedProgram.swift; sourceTree = "<group>"; };
		C95F17842884431700E8446D /* SettingsLink.swift */ = {isa = PBXFileReference; lastKnownFileType = sourcecode.swift; path = SettingsLink.swift; sourceTree = "<group>"; };
		C967287B2874553600B4990C /* Exercise.swift */ = {isa = PBXFileReference; lastKnownFileType = sourcecode.swift; path = Exercise.swift; sourceTree = "<group>"; };
		C967287D287457B500B4990C /* Program.swift */ = {isa = PBXFileReference; lastKnownFileType = sourcecode.swift; path = Program.swift; sourceTree = "<group>"; };
		C96728822874E11A00B4990C /* IconTextView.swift */ = {isa = PBXFileReference; lastKnownFileType = sourcecode.swift; path = IconTextView.swift; sourceTree = "<group>"; };
		C96728842874E71700B4990C /* PracticeSummaryView.swift */ = {isa = PBXFileReference; lastKnownFileType = sourcecode.swift; path = PracticeSummaryView.swift; sourceTree = "<group>"; };
		C9692C75284F4E9100373730 /* ClockTime.swift */ = {isa = PBXFileReference; lastKnownFileType = sourcecode.swift; path = ClockTime.swift; sourceTree = "<group>"; };
		C9692C7B284F787700373730 /* ExerciseShortView.swift */ = {isa = PBXFileReference; lastKnownFileType = sourcecode.swift; path = ExerciseShortView.swift; sourceTree = "<group>"; };
		C9692C7E2850A35A00373730 /* ExercisesView.swift */ = {isa = PBXFileReference; lastKnownFileType = sourcecode.swift; path = ExercisesView.swift; sourceTree = "<group>"; };
		C9692C822850A78300373730 /* TemplateManager.swift */ = {isa = PBXFileReference; lastKnownFileType = sourcecode.swift; path = TemplateManager.swift; sourceTree = "<group>"; };
		C9692C842850F47500373730 /* ExerciseSelectionView.swift */ = {isa = PBXFileReference; lastKnownFileType = sourcecode.swift; path = ExerciseSelectionView.swift; sourceTree = "<group>"; };
		C9741A312860857F00E1F670 /* AddProgramView.swift */ = {isa = PBXFileReference; lastKnownFileType = sourcecode.swift; path = AddProgramView.swift; sourceTree = "<group>"; };
		C9741A33286085E400E1F670 /* EditProgramView.swift */ = {isa = PBXFileReference; lastKnownFileType = sourcecode.swift; path = EditProgramView.swift; sourceTree = "<group>"; };
		C9741A352860860C00E1F670 /* ProgramEditor.swift */ = {isa = PBXFileReference; lastKnownFileType = sourcecode.swift; path = ProgramEditor.swift; sourceTree = "<group>"; };
		C9741A372860862900E1F670 /* ProgramEditor-ViewModel.swift */ = {isa = PBXFileReference; lastKnownFileType = sourcecode.swift; path = "ProgramEditor-ViewModel.swift"; sourceTree = "<group>"; };
		C9741A3B2860CD6200E1F670 /* ExerciseTypeImage.swift */ = {isa = PBXFileReference; lastKnownFileType = sourcecode.swift; path = ExerciseTypeImage.swift; sourceTree = "<group>"; };
		C9741A3D2861128800E1F670 /* View-ImageRenderer.swift */ = {isa = PBXFileReference; lastKnownFileType = sourcecode.swift; path = "View-ImageRenderer.swift"; sourceTree = "<group>"; };
		C9741A592861EB0C00E1F670 /* ExerciseDetailsView-ViewModel.swift */ = {isa = PBXFileReference; lastKnownFileType = sourcecode.swift; path = "ExerciseDetailsView-ViewModel.swift"; sourceTree = "<group>"; };
		C9741A5C2861F54600E1F670 /* IntensityImage.swift */ = {isa = PBXFileReference; lastKnownFileType = sourcecode.swift; path = IntensityImage.swift; sourceTree = "<group>"; };
		C9741A5E2863208100E1F670 /* TaskDetailsShortView.swift */ = {isa = PBXFileReference; lastKnownFileType = sourcecode.swift; path = TaskDetailsShortView.swift; sourceTree = "<group>"; };
		C996981728646E53009836BD /* ExerciseDurationView.swift */ = {isa = PBXFileReference; lastKnownFileType = sourcecode.swift; path = ExerciseDurationView.swift; sourceTree = "<group>"; };
		C9969819286477CB009836BD /* ExerciseTypeView.swift */ = {isa = PBXFileReference; lastKnownFileType = sourcecode.swift; path = ExerciseTypeView.swift; sourceTree = "<group>"; };
		C99D20E128719BB300F655C8 /* IntensityView.swift */ = {isa = PBXFileReference; lastKnownFileType = sourcecode.swift; path = IntensityView.swift; sourceTree = "<group>"; };
		C99D281528799AE700596FBD /* DetailsView.swift */ = {isa = PBXFileReference; lastKnownFileType = sourcecode.swift; path = DetailsView.swift; sourceTree = "<group>"; };
		C99D28172879A05F00596FBD /* DataManager.swift */ = {isa = PBXFileReference; lastKnownFileType = sourcecode.swift; path = DataManager.swift; sourceTree = "<group>"; };
		C9A028F9287831CC00032FF9 /* ContentView-ViewModel.swift */ = {isa = PBXFileReference; lastKnownFileType = sourcecode.swift; path = "ContentView-ViewModel.swift"; sourceTree = "<group>"; };
		C9A028FB287833F200032FF9 /* ManagedList.swift */ = {isa = PBXFileReference; lastKnownFileType = sourcecode.swift; path = ManagedList.swift; sourceTree = "<group>"; };
		C9A028FE2878354E00032FF9 /* SortingMenu.swift */ = {isa = PBXFileReference; lastKnownFileType = sourcecode.swift; path = SortingMenu.swift; sourceTree = "<group>"; };
		C9A029022878478E00032FF9 /* DeleteAlert.swift */ = {isa = PBXFileReference; lastKnownFileType = sourcecode.swift; path = DeleteAlert.swift; sourceTree = "<group>"; };
		C9A0CFE9281AB32B000CF439 /* Task.swift */ = {isa = PBXFileReference; lastKnownFileType = sourcecode.swift; path = Task.swift; sourceTree = "<group>"; };
		C9A0CFEB281AB382000CF439 /* PracticeExercise.swift */ = {isa = PBXFileReference; lastKnownFileType = sourcecode.swift; path = PracticeExercise.swift; sourceTree = "<group>"; };
		C9A0CFED281AB484000CF439 /* PracticeProgram.swift */ = {isa = PBXFileReference; lastKnownFileType = sourcecode.swift; path = PracticeProgram.swift; sourceTree = "<group>"; };
		C9A0CFF1281B3733000CF439 /* PracticeExerciseView.swift */ = {isa = PBXFileReference; lastKnownFileType = sourcecode.swift; path = PracticeExerciseView.swift; sourceTree = "<group>"; };
		C9A0CFF4281BD588000CF439 /* ProgramTemplate.swift */ = {isa = PBXFileReference; lastKnownFileType = sourcecode.swift; path = ProgramTemplate.swift; sourceTree = "<group>"; };
		C9A0CFF6281BD815000CF439 /* ExerciseTemplate.swift */ = {isa = PBXFileReference; lastKnownFileType = sourcecode.swift; path = ExerciseTemplate.swift; sourceTree = "<group>"; };
		C9A0CFFE281BDDEA000CF439 /* PracticeView.swift */ = {isa = PBXFileReference; lastKnownFileType = sourcecode.swift; path = PracticeView.swift; sourceTree = "<group>"; };
		C9A0D000281BE4C8000CF439 /* PlayerView.swift */ = {isa = PBXFileReference; lastKnownFileType = sourcecode.swift; path = PlayerView.swift; sourceTree = "<group>"; };
		C9A0D002281C03F5000CF439 /* Clock.swift */ = {isa = PBXFileReference; lastKnownFileType = sourcecode.swift; path = Clock.swift; sourceTree = "<group>"; };
		C9A0D00728228078000CF439 /* ProgramsView.swift */ = {isa = PBXFileReference; lastKnownFileType = sourcecode.swift; path = ProgramsView.swift; sourceTree = "<group>"; };
		C9A0D0192827CEC9000CF439 /* Squirrel.swift */ = {isa = PBXFileReference; lastKnownFileType = sourcecode.swift; path = Squirrel.swift; sourceTree = "<group>"; };
		C9A0D01B28280DFA000CF439 /* SquirrelDrawer.swift */ = {isa = PBXFileReference; lastKnownFileType = sourcecode.swift; path = SquirrelDrawer.swift; sourceTree = "<group>"; };
		C9A0D01D28280E77000CF439 /* SquirrelInWheelLogo.swift */ = {isa = PBXFileReference; lastKnownFileType = sourcecode.swift; path = SquirrelInWheelLogo.swift; sourceTree = "<group>"; };
		C9A0D01F28280F13000CF439 /* SquirrelInWheel.swift */ = {isa = PBXFileReference; lastKnownFileType = sourcecode.swift; path = SquirrelInWheel.swift; sourceTree = "<group>"; };
		C9A0D02128280F3E000CF439 /* RightWing.swift */ = {isa = PBXFileReference; lastKnownFileType = sourcecode.swift; path = RightWing.swift; sourceTree = "<group>"; };
		C9A0D023282813F2000CF439 /* ColorTheme.swift */ = {isa = PBXFileReference; lastKnownFileType = sourcecode.swift; path = ColorTheme.swift; sourceTree = "<group>"; };
		C9A0D026282A613A000CF439 /* PracticeSequenceView.swift */ = {isa = PBXFileReference; lastKnownFileType = sourcecode.swift; path = PracticeSequenceView.swift; sourceTree = "<group>"; };
		C9A0D028282BD603000CF439 /* Practice.swift */ = {isa = PBXFileReference; lastKnownFileType = sourcecode.swift; path = Practice.swift; sourceTree = "<group>"; };
		C9A0D02A282BE586000CF439 /* Player.swift */ = {isa = PBXFileReference; lastKnownFileType = sourcecode.swift; path = Player.swift; sourceTree = "<group>"; };
		C9ADD738287F602F00F465D5 /* RestoreDefaultsButton.swift */ = {isa = PBXFileReference; lastKnownFileType = sourcecode.swift; path = RestoreDefaultsButton.swift; sourceTree = "<group>"; };
		C9B1E743287C266000C92571 /* SettingsView.swift */ = {isa = PBXFileReference; lastKnownFileType = sourcecode.swift; path = SettingsView.swift; sourceTree = "<group>"; };
		C9B1E745287C293F00C92571 /* TabataSettingsView.swift */ = {isa = PBXFileReference; lastKnownFileType = sourcecode.swift; path = TabataSettingsView.swift; sourceTree = "<group>"; };
		C9B1E747287C295900C92571 /* FlowSettingsView.swift */ = {isa = PBXFileReference; lastKnownFileType = sourcecode.swift; path = FlowSettingsView.swift; sourceTree = "<group>"; };
		C9C2727B2848C91500F7DA0E /* Array-Wrapper.swift */ = {isa = PBXFileReference; lastKnownFileType = sourcecode.swift; path = "Array-Wrapper.swift"; sourceTree = "<group>"; };
		C9CCCE93284A311A005665C8 /* ExerciseEditor-ViewModel.swift */ = {isa = PBXFileReference; lastKnownFileType = sourcecode.swift; path = "ExerciseEditor-ViewModel.swift"; sourceTree = "<group>"; };
		C9CCCE95284A31B9005665C8 /* ClockTime-Calculator.swift */ = {isa = PBXFileReference; lastKnownFileType = sourcecode.swift; path = "ClockTime-Calculator.swift"; sourceTree = "<group>"; };
		C9CCCE97284B6DE5005665C8 /* ProgramDetailsView.swift */ = {isa = PBXFileReference; lastKnownFileType = sourcecode.swift; path = ProgramDetailsView.swift; sourceTree = "<group>"; };
		C9CCCE99284B6E09005665C8 /* ProgramDetailsView-ViewModel.swift */ = {isa = PBXFileReference; lastKnownFileType = sourcecode.swift; path = "ProgramDetailsView-ViewModel.swift"; sourceTree = "<group>"; };
		C9CEA9FF287C2DFF00D15A16 /* SettingsSubgroupDetailsView.swift */ = {isa = PBXFileReference; lastKnownFileType = sourcecode.swift; path = SettingsSubgroupDetailsView.swift; sourceTree = "<group>"; };
		C9CEAA01287C307D00D15A16 /* PauseSettingsView.swift */ = {isa = PBXFileReference; lastKnownFileType = sourcecode.swift; path = PauseSettingsView.swift; sourceTree = "<group>"; };
		C9CEAA03287C309D00D15A16 /* ExamplesSettingsView.swift */ = {isa = PBXFileReference; lastKnownFileType = sourcecode.swift; path = ExamplesSettingsView.swift; sourceTree = "<group>"; };
		C9CEAA05287C438500D15A16 /* DurationSecondsControl.swift */ = {isa = PBXFileReference; lastKnownFileType = sourcecode.swift; path = DurationSecondsControl.swift; sourceTree = "<group>"; };
		C9CEAA07287C44EB00D15A16 /* DurationMinutesControl.swift */ = {isa = PBXFileReference; lastKnownFileType = sourcecode.swift; path = DurationMinutesControl.swift; sourceTree = "<group>"; };
		C9CEAA09287C462F00D15A16 /* DurationControl.swift */ = {isa = PBXFileReference; lastKnownFileType = sourcecode.swift; path = DurationControl.swift; sourceTree = "<group>"; };
		C9CEAA0C287C619F00D15A16 /* SettingsManager.swift */ = {isa = PBXFileReference; lastKnownFileType = sourcecode.swift; path = SettingsManager.swift; sourceTree = "<group>"; };
		C9CEAA10287D964900D15A16 /* NumberSelectionControl.swift */ = {isa = PBXFileReference; lastKnownFileType = sourcecode.swift; path = NumberSelectionControl.swift; sourceTree = "<group>"; };
		C9CEAA12287DA76A00D15A16 /* SettingsSubgroupView.swift */ = {isa = PBXFileReference; lastKnownFileType = sourcecode.swift; path = SettingsSubgroupView.swift; sourceTree = "<group>"; };
		C9CEAA14287DC98E00D15A16 /* SettingsItem.swift */ = {isa = PBXFileReference; lastKnownFileType = sourcecode.swift; path = SettingsItem.swift; sourceTree = "<group>"; };
		C9CEAA16287DCCFD00D15A16 /* SettingsGroup.swift */ = {isa = PBXFileReference; lastKnownFileType = sourcecode.swift; path = SettingsGroup.swift; sourceTree = "<group>"; };
		C9CEAA18287EB35100D15A16 /* ExerciseTasksButton.swift */ = {isa = PBXFileReference; lastKnownFileType = sourcecode.swift; path = ExerciseTasksButton.swift; sourceTree = "<group>"; };
		C9CEAA1A287EB83B00D15A16 /* SettingsLinkView.swift */ = {isa = PBXFileReference; lastKnownFileType = sourcecode.swift; path = SettingsLinkView.swift; sourceTree = "<group>"; };
		C9CEAA1C287EC63600D15A16 /* RestartIconButton.swift */ = {isa = PBXFileReference; lastKnownFileType = sourcecode.swift; path = RestartIconButton.swift; sourceTree = "<group>"; };
		C9D156AD28533DD7007F5176 /* ExerciseSelectionView-ViewModel.swift */ = {isa = PBXFileReference; lastKnownFileType = sourcecode.swift; path = "ExerciseSelectionView-ViewModel.swift"; sourceTree = "<group>"; };
		C9D156AF28534E88007F5176 /* AddExerciseView.swift */ = {isa = PBXFileReference; lastKnownFileType = sourcecode.swift; path = AddExerciseView.swift; sourceTree = "<group>"; };
		C9D156B128534F5C007F5176 /* EditExerciseView.swift */ = {isa = PBXFileReference; lastKnownFileType = sourcecode.swift; path = EditExerciseView.swift; sourceTree = "<group>"; };
		C9D53FAC286F2C4800FD2B6F /* Duration.swift */ = {isa = PBXFileReference; lastKnownFileType = sourcecode.swift; path = Duration.swift; sourceTree = "<group>"; };
		C9D53FAE287040DD00FD2B6F /* ExerciseTasksView.swift */ = {isa = PBXFileReference; lastKnownFileType = sourcecode.swift; path = ExerciseTasksView.swift; sourceTree = "<group>"; };
		C9D53FB028704B3800FD2B6F /* AddExerciseView-ViewModel.swift */ = {isa = PBXFileReference; lastKnownFileType = sourcecode.swift; path = "AddExerciseView-ViewModel.swift"; sourceTree = "<group>"; };
		C9D53FB228704C6500FD2B6F /* EditExerciseView-ViewModel.swift */ = {isa = PBXFileReference; lastKnownFileType = sourcecode.swift; path = "EditExerciseView-ViewModel.swift"; sourceTree = "<group>"; };
		C9D53FB428704E4000FD2B6F /* ValidationService.swift */ = {isa = PBXFileReference; lastKnownFileType = sourcecode.swift; path = ValidationService.swift; sourceTree = "<group>"; };
		C9D53FB72870507400FD2B6F /* AddProgramView-ViewModel.swift */ = {isa = PBXFileReference; lastKnownFileType = sourcecode.swift; path = "AddProgramView-ViewModel.swift"; sourceTree = "<group>"; };
		C9D53FB92870519200FD2B6F /* EditProgramView-ViewModel.swift */ = {isa = PBXFileReference; lastKnownFileType = sourcecode.swift; path = "EditProgramView-ViewModel.swift"; sourceTree = "<group>"; };
		C9D53FBB287064E200FD2B6F /* ProgramDurationSection.swift */ = {isa = PBXFileReference; lastKnownFileType = sourcecode.swift; path = ProgramDurationSection.swift; sourceTree = "<group>"; };
		C9DE151E2868AADE0011324C /* ExerciseType.swift */ = {isa = PBXFileReference; lastKnownFileType = sourcecode.swift; path = ExerciseType.swift; sourceTree = "<group>"; };
		C9DE15202868AB520011324C /* Intensity.swift */ = {isa = PBXFileReference; lastKnownFileType = sourcecode.swift; path = Intensity.swift; sourceTree = "<group>"; };
		C9DE15272868B3CE0011324C /* Exercises.swift */ = {isa = PBXFileReference; lastKnownFileType = sourcecode.swift; path = Exercises.swift; sourceTree = "<group>"; };
		C9DE15292868B5500011324C /* Programs.swift */ = {isa = PBXFileReference; lastKnownFileType = sourcecode.swift; path = Programs.swift; sourceTree = "<group>"; };
		C9DE152B2868FE170011324C /* ExerciseShortDecorativeView.swift */ = {isa = PBXFileReference; lastKnownFileType = sourcecode.swift; path = ExerciseShortDecorativeView.swift; sourceTree = "<group>"; };
		C9E0C42628801CDE00B8FBA8 /* SettingsConstants.swift */ = {isa = PBXFileReference; lastKnownFileType = sourcecode.swift; path = SettingsConstants.swift; sourceTree = "<group>"; };
		C9EB6D942881902B0026186C /* String-Empty.swift */ = {isa = PBXFileReference; lastKnownFileType = sourcecode.swift; path = "String-Empty.swift"; sourceTree = "<group>"; };
		C9EB6D962882B9D10026186C /* View-Truncated.swift */ = {isa = PBXFileReference; lastKnownFileType = sourcecode.swift; path = "View-Truncated.swift"; sourceTree = "<group>"; };
		C9F604E1287AD57E00838462 /* ProgramShortDecorativeView.swift */ = {isa = PBXFileReference; lastKnownFileType = sourcecode.swift; path = ProgramShortDecorativeView.swift; sourceTree = "<group>"; };
/* End PBXFileReference section */

/* Begin PBXFrameworksBuildPhase section */
		C95011C028196FFD0043EC75 /* Frameworks */ = {
			isa = PBXFrameworksBuildPhase;
			buildActionMask = 2147483647;
			files = (
			);
			runOnlyForDeploymentPostprocessing = 0;
		};
/* End PBXFrameworksBuildPhase section */

/* Begin PBXGroup section */
		C92F6C38286C5A4D00D7BA59 /* utils */ = {
			isa = PBXGroup;
			children = (
				C9C2727B2848C91500F7DA0E /* Array-Wrapper.swift */,
				C92F6C36286C525A00D7BA59 /* FileManager.swift */,
				C9EB6D942881902B0026186C /* String-Empty.swift */,
			);
			path = utils;
			sourceTree = "<group>";
		};
		C92F6C47286F1D1800D7BA59 /* time */ = {
			isa = PBXGroup;
			children = (
				C92F6C45286F1B6500D7BA59 /* DurationView.swift */,
			);
			path = time;
			sourceTree = "<group>";
		};
		C94B3F6A284A218700A23612 /* programs */ = {
			isa = PBXGroup;
			children = (
				C9A0D00728228078000CF439 /* ProgramsView.swift */,
			);
			path = programs;
			sourceTree = "<group>";
		};
		C95011BA28196FFD0043EC75 = {
			isa = PBXGroup;
			children = (
				C95011C528196FFD0043EC75 /* SPractice */,
				C95011C428196FFD0043EC75 /* Products */,
			);
			sourceTree = "<group>";
		};
		C95011C428196FFD0043EC75 /* Products */ = {
			isa = PBXGroup;
			children = (
				C95011C328196FFD0043EC75 /* SPractice.app */,
			);
			name = Products;
			sourceTree = "<group>";
		};
		C95011C528196FFD0043EC75 /* SPractice */ = {
			isa = PBXGroup;
			children = (
				C9A0D00F2823DE83000CF439 /* view */,
				C9A0CFEF281AB554000CF439 /* model */,
				C9D53FB628704EE900FD2B6F /* service */,
				C92F6C38286C5A4D00D7BA59 /* utils */,
				C95011C628196FFD0043EC75 /* SPracticeApp.swift */,
				C95011CA28196FFE0043EC75 /* Assets.xcassets */,
				C95011CC28196FFE0043EC75 /* Preview Content */,
			);
			path = SPractice;
			sourceTree = "<group>";
		};
		C95011CC28196FFE0043EC75 /* Preview Content */ = {
			isa = PBXGroup;
			children = (
				C95011CD28196FFE0043EC75 /* Preview Assets.xcassets */,
			);
			path = "Preview Content";
			sourceTree = "<group>";
		};
		C96728812874E0FF00B4990C /* common */ = {
			isa = PBXGroup;
			children = (
				C9CEAA09287C462F00D15A16 /* DurationControl.swift */,
				C9CEAA05287C438500D15A16 /* DurationSecondsControl.swift */,
				C9CEAA07287C44EB00D15A16 /* DurationMinutesControl.swift */,
				C9CEAA10287D964900D15A16 /* NumberSelectionControl.swift */,
				C96728822874E11A00B4990C /* IconTextView.swift */,
				C91982562876E297005D049C /* InfoButton.swift */,
				C9A028FB287833F200032FF9 /* ManagedList.swift */,
				C9A029022878478E00032FF9 /* DeleteAlert.swift */,
				C99D281528799AE700596FBD /* DetailsView.swift */,
			);
			path = common;
			sourceTree = "<group>";
		};
		C9692C74284F4E6D00373730 /* clock */ = {
			isa = PBXGroup;
			children = (
				C9A0D002281C03F5000CF439 /* Clock.swift */,
				C9692C75284F4E9100373730 /* ClockTime.swift */,
				C9CCCE95284A31B9005665C8 /* ClockTime-Calculator.swift */,
			);
			path = clock;
			sourceTree = "<group>";
		};
		C9692C7D2850A24500373730 /* exercises */ = {
			isa = PBXGroup;
			children = (
				C9692C7E2850A35A00373730 /* ExercisesView.swift */,
				C9692C822850A78300373730 /* TemplateManager.swift */,
				C9692C842850F47500373730 /* ExerciseSelectionView.swift */,
				C9D156AD28533DD7007F5176 /* ExerciseSelectionView-ViewModel.swift */,
			);
			path = exercises;
			sourceTree = "<group>";
		};
		C9741A5B2861F53000E1F670 /* task */ = {
			isa = PBXGroup;
			children = (
				C9741A5E2863208100E1F670 /* TaskDetailsShortView.swift */,
				C99D20E128719BB300F655C8 /* IntensityView.swift */,
				C9741A5C2861F54600E1F670 /* IntensityImage.swift */,
			);
			path = task;
			sourceTree = "<group>";
		};
		C99D28192879AA7E00596FBD /* common */ = {
			isa = PBXGroup;
			children = (
				C99D28172879A05F00596FBD /* DataManager.swift */,
			);
			path = common;
			sourceTree = "<group>";
		};
		C9A028FD2878353200032FF9 /* sorting */ = {
			isa = PBXGroup;
			children = (
				C9A028FE2878354E00032FF9 /* SortingMenu.swift */,
			);
			path = sorting;
			sourceTree = "<group>";
		};
		C9A0CFEF281AB554000CF439 /* model */ = {
			isa = PBXGroup;
			children = (
				C9692C74284F4E6D00373730 /* clock */,
				C9DE15242868B32E0011324C /* exercise */,
				C9DE15262868B3560011324C /* task */,
				C9DE15222868B2C70011324C /* practice */,
				C9DE15252868B34A0011324C /* program */,
				C9DE15232868B2D90011324C /* settings */,
				C99D28192879AA7E00596FBD /* common */,
			);
			path = model;
			sourceTree = "<group>";
		};
		C9A0D004282118C8000CF439 /* exercise */ = {
			isa = PBXGroup;
			children = (
				C9445C70285E0A9300DF2A08 /* ExerciseEditor.swift */,
				C9CCCE93284A311A005665C8 /* ExerciseEditor-ViewModel.swift */,
				C9D156AF28534E88007F5176 /* AddExerciseView.swift */,
				C9D53FB028704B3800FD2B6F /* AddExerciseView-ViewModel.swift */,
				C9D156B128534F5C007F5176 /* EditExerciseView.swift */,
				C9D53FB228704C6500FD2B6F /* EditExerciseView-ViewModel.swift */,
				C9445C6C285E00D000DF2A08 /* ExerciseDetailsView.swift */,
				C9741A592861EB0C00E1F670 /* ExerciseDetailsView-ViewModel.swift */,
				C9CEAA18287EB35100D15A16 /* ExerciseTasksButton.swift */,
				C9D53FAE287040DD00FD2B6F /* ExerciseTasksView.swift */,
				C9692C7B284F787700373730 /* ExerciseShortView.swift */,
				C9DE152B2868FE170011324C /* ExerciseShortDecorativeView.swift */,
				C996981728646E53009836BD /* ExerciseDurationView.swift */,
				C9969819286477CB009836BD /* ExerciseTypeView.swift */,
				C9741A3B2860CD6200E1F670 /* ExerciseTypeImage.swift */,
			);
			path = exercise;
			sourceTree = "<group>";
		};
		C9A0D00A28229087000CF439 /* program */ = {
			isa = PBXGroup;
			children = (
				C9741A352860860C00E1F670 /* ProgramEditor.swift */,
				C9741A372860862900E1F670 /* ProgramEditor-ViewModel.swift */,
				C9741A312860857F00E1F670 /* AddProgramView.swift */,
				C9D53FB72870507400FD2B6F /* AddProgramView-ViewModel.swift */,
				C9741A33286085E400E1F670 /* EditProgramView.swift */,
				C9D53FB92870519200FD2B6F /* EditProgramView-ViewModel.swift */,
				C9CCCE97284B6DE5005665C8 /* ProgramDetailsView.swift */,
				C9CCCE99284B6E09005665C8 /* ProgramDetailsView-ViewModel.swift */,
				C92F6C3B286D9D2100D7BA59 /* ProgramSummaryView.swift */,
				C9F604E1287AD57E00838462 /* ProgramShortDecorativeView.swift */,
				C9D53FBB287064E200FD2B6F /* ProgramDurationSection.swift */,
				C92F6C43286F0B0000D7BA59 /* ProgramDurationView.swift */,
			);
			path = program;
			sourceTree = "<group>";
		};
		C9A0D00F2823DE83000CF439 /* view */ = {
			isa = PBXGroup;
			children = (
				C9692C7D2850A24500373730 /* exercises */,
				C94B3F6A284A218700A23612 /* programs */,
				C9A0D00A28229087000CF439 /* program */,
				C9A0D004282118C8000CF439 /* exercise */,
				C92F6C47286F1D1800D7BA59 /* time */,
				C9741A5B2861F53000E1F670 /* task */,
				C9CCCE9B284BA7FA005665C8 /* practice */,
				C9CCCE9C284BA814005665C8 /* player */,
				C9A0D02528281BE8000CF439 /* clock */,
				C9CCCE9D284BA82A005665C8 /* settings */,
				C96728812874E0FF00B4990C /* common */,
				C9A028FD2878353200032FF9 /* sorting */,
				C9A0D0182827CE9F000CF439 /* logo */,
				C95011C828196FFD0043EC75 /* ContentView.swift */,
				C9A028F9287831CC00032FF9 /* ContentView-ViewModel.swift */,
				C932521F28798B7A009D5479 /* WelcomeView.swift */,
				C9A0D023282813F2000CF439 /* ColorTheme.swift */,
				C92F6C41286F00EB00D7BA59 /* LayoutUtils.swift */,
			);
			path = view;
			sourceTree = "<group>";
		};
		C9A0D0182827CE9F000CF439 /* logo */ = {
			isa = PBXGroup;
			children = (
				C9A0D01D28280E77000CF439 /* SquirrelInWheelLogo.swift */,
				C9A0D01B28280DFA000CF439 /* SquirrelDrawer.swift */,
				C9A0D01F28280F13000CF439 /* SquirrelInWheel.swift */,
				C9A0D0192827CEC9000CF439 /* Squirrel.swift */,
				C9A0D02128280F3E000CF439 /* RightWing.swift */,
				C9741A3D2861128800E1F670 /* View-ImageRenderer.swift */,
			);
			path = logo;
			sourceTree = "<group>";
		};
		C9A0D02528281BE8000CF439 /* clock */ = {
			isa = PBXGroup;
			children = (
				C95011D42819703D0043EC75 /* ClockView.swift */,
			);
			path = clock;
			sourceTree = "<group>";
		};
		C9CCCE9B284BA7FA005665C8 /* practice */ = {
			isa = PBXGroup;
			children = (
				C9A0CFFE281BDDEA000CF439 /* PracticeView.swift */,
				C96728842874E71700B4990C /* PracticeSummaryView.swift */,
				C9A0D026282A613A000CF439 /* PracticeSequenceView.swift */,
				C9A0CFF1281B3733000CF439 /* PracticeExerciseView.swift */,
				C92F6C3D286DDFF400D7BA59 /* View-Wrapped.swift */,
				C9EB6D962882B9D10026186C /* View-Truncated.swift */,
				C9CEAA1C287EC63600D15A16 /* RestartIconButton.swift */,
			);
			path = practice;
			sourceTree = "<group>";
		};
		C9CCCE9C284BA814005665C8 /* player */ = {
			isa = PBXGroup;
			children = (
				C9A0D000281BE4C8000CF439 /* PlayerView.swift */,
			);
			path = player;
			sourceTree = "<group>";
		};
		C9CCCE9D284BA82A005665C8 /* settings */ = {
			isa = PBXGroup;
			children = (
				C9B1E743287C266000C92571 /* SettingsView.swift */,
				C9CEAA12287DA76A00D15A16 /* SettingsSubgroupView.swift */,
				C9CEA9FF287C2DFF00D15A16 /* SettingsSubgroupDetailsView.swift */,
				C9B1E745287C293F00C92571 /* TabataSettingsView.swift */,
				C9B1E747287C295900C92571 /* FlowSettingsView.swift */,
				C9CEAA01287C307D00D15A16 /* PauseSettingsView.swift */,
				C9CEAA03287C309D00D15A16 /* ExamplesSettingsView.swift */,
				C9CEAA1A287EB83B00D15A16 /* SettingsLinkView.swift */,
				C95F17842884431700E8446D /* SettingsLink.swift */,
				C9ADD738287F602F00F465D5 /* RestoreDefaultsButton.swift */,
				C9E0C42628801CDE00B8FBA8 /* SettingsConstants.swift */,
			);
			path = settings;
			sourceTree = "<group>";
		};
		C9D53FB628704EE900FD2B6F /* service */ = {
			isa = PBXGroup;
			children = (
				C9D53FB428704E4000FD2B6F /* ValidationService.swift */,
			);
			path = service;
			sourceTree = "<group>";
		};
		C9DE15222868B2C70011324C /* practice */ = {
			isa = PBXGroup;
			children = (
				C9A0D028282BD603000CF439 /* Practice.swift */,
				C9A0D02A282BE586000CF439 /* Player.swift */,
			);
			path = practice;
			sourceTree = "<group>";
		};
		C9DE15232868B2D90011324C /* settings */ = {
			isa = PBXGroup;
			children = (
				C9CEAA16287DCCFD00D15A16 /* SettingsGroup.swift */,
				C9CEAA0C287C619F00D15A16 /* SettingsManager.swift */,
				C9CEAA14287DC98E00D15A16 /* SettingsItem.swift */,
				C9198258287786C7005D049C /* SortOptions.swift */,
			);
			path = settings;
			sourceTree = "<group>";
		};
		C9DE15242868B32E0011324C /* exercise */ = {
			isa = PBXGroup;
			children = (
				C967287B2874553600B4990C /* Exercise.swift */,
				C9A0CFEB281AB382000CF439 /* PracticeExercise.swift */,
				C9A0CFF6281BD815000CF439 /* ExerciseTemplate.swift */,
				C9DE151E2868AADE0011324C /* ExerciseType.swift */,
				C9DE15272868B3CE0011324C /* Exercises.swift */,
			);
			path = exercise;
			sourceTree = "<group>";
		};
		C9DE15252868B34A0011324C /* program */ = {
			isa = PBXGroup;
			children = (
				C967287D287457B500B4990C /* Program.swift */,
				C9A0CFED281AB484000CF439 /* PracticeProgram.swift */,
				C9A0CFF4281BD588000CF439 /* ProgramTemplate.swift */,
				C9DE15292868B5500011324C /* Programs.swift */,
				C95F17822884194A00E8446D /* PreparedProgram.swift */,
			);
			path = program;
			sourceTree = "<group>";
		};
		C9DE15262868B3560011324C /* task */ = {
			isa = PBXGroup;
			children = (
				C9A0CFE9281AB32B000CF439 /* Task.swift */,
				C9DE15202868AB520011324C /* Intensity.swift */,
				C9D53FAC286F2C4800FD2B6F /* Duration.swift */,
			);
			path = task;
			sourceTree = "<group>";
		};
/* End PBXGroup section */

/* Begin PBXNativeTarget section */
		C95011C228196FFD0043EC75 /* SPractice */ = {
			isa = PBXNativeTarget;
			buildConfigurationList = C95011D128196FFE0043EC75 /* Build configuration list for PBXNativeTarget "SPractice" */;
			buildPhases = (
				C95011BF28196FFD0043EC75 /* Sources */,
				C95011C028196FFD0043EC75 /* Frameworks */,
				C95011C128196FFD0043EC75 /* Resources */,
			);
			buildRules = (
			);
			dependencies = (
			);
			name = SPractice;
			productName = SPractice;
			productReference = C95011C328196FFD0043EC75 /* SPractice.app */;
			productType = "com.apple.product-type.application";
		};
/* End PBXNativeTarget section */

/* Begin PBXProject section */
		C95011BB28196FFD0043EC75 /* Project object */ = {
			isa = PBXProject;
			attributes = {
				BuildIndependentTargetsInParallel = 1;
				LastSwiftUpdateCheck = 1330;
				LastUpgradeCheck = 1330;
				TargetAttributes = {
					C95011C228196FFD0043EC75 = {
						CreatedOnToolsVersion = 13.3.1;
					};
				};
			};
			buildConfigurationList = C95011BE28196FFD0043EC75 /* Build configuration list for PBXProject "SPractice" */;
			compatibilityVersion = "Xcode 13.0";
			developmentRegion = en;
			hasScannedForEncodings = 0;
			knownRegions = (
				en,
				Base,
			);
			mainGroup = C95011BA28196FFD0043EC75;
			productRefGroup = C95011C428196FFD0043EC75 /* Products */;
			projectDirPath = "";
			projectRoot = "";
			targets = (
				C95011C228196FFD0043EC75 /* SPractice */,
			);
		};
/* End PBXProject section */

/* Begin PBXResourcesBuildPhase section */
		C95011C128196FFD0043EC75 /* Resources */ = {
			isa = PBXResourcesBuildPhase;
			buildActionMask = 2147483647;
			files = (
				C95011CE28196FFE0043EC75 /* Preview Assets.xcassets in Resources */,
				C95011CB28196FFE0043EC75 /* Assets.xcassets in Resources */,
			);
			runOnlyForDeploymentPostprocessing = 0;
		};
/* End PBXResourcesBuildPhase section */

/* Begin PBXSourcesBuildPhase section */
		C95011BF28196FFD0043EC75 /* Sources */ = {
			isa = PBXSourcesBuildPhase;
			buildActionMask = 2147483647;
			files = (
				C9A0D02B282BE586000CF439 /* Player.swift in Sources */,
				C92F6C3C286D9D2100D7BA59 /* ProgramSummaryView.swift in Sources */,
				C9CEAA1B287EB83B00D15A16 /* SettingsLinkView.swift in Sources */,
				C9A0CFF5281BD588000CF439 /* ProgramTemplate.swift in Sources */,
				C9D53FB128704B3800FD2B6F /* AddExerciseView-ViewModel.swift in Sources */,
				C9692C76284F4E9100373730 /* ClockTime.swift in Sources */,
				C967287E287457B500B4990C /* Program.swift in Sources */,
				C9DE15282868B3CE0011324C /* Exercises.swift in Sources */,
				C9A0CFEA281AB32B000CF439 /* Task.swift in Sources */,
				C9A0D027282A613A000CF439 /* PracticeSequenceView.swift in Sources */,
				C9692C7F2850A35A00373730 /* ExercisesView.swift in Sources */,
				C9445C6D285E00D000DF2A08 /* ExerciseDetailsView.swift in Sources */,
				C9CCCE94284A311A005665C8 /* ExerciseEditor-ViewModel.swift in Sources */,
				C9741A5F2863208100E1F670 /* TaskDetailsShortView.swift in Sources */,
				C92F6C37286C525A00D7BA59 /* FileManager.swift in Sources */,
				C9D156B228534F5C007F5176 /* EditExerciseView.swift in Sources */,
				C92F6C46286F1B6500D7BA59 /* DurationView.swift in Sources */,
				C9A0D029282BD603000CF439 /* Practice.swift in Sources */,
				C9F604E2287AD57E00838462 /* ProgramShortDecorativeView.swift in Sources */,
				C9A028FF2878354E00032FF9 /* SortingMenu.swift in Sources */,
				C9DE152C2868FE170011324C /* ExerciseShortDecorativeView.swift in Sources */,
				C996981828646E53009836BD /* ExerciseDurationView.swift in Sources */,
				C9D53FAF287040DD00FD2B6F /* ExerciseTasksView.swift in Sources */,
				C9CEAA0A287C462F00D15A16 /* DurationControl.swift in Sources */,
				C9D53FB82870507400FD2B6F /* AddProgramView-ViewModel.swift in Sources */,
				C996981A286477CB009836BD /* ExerciseTypeView.swift in Sources */,
				C9D156B028534E88007F5176 /* AddExerciseView.swift in Sources */,
				C95F17832884194A00E8446D /* PreparedProgram.swift in Sources */,
				C9CEAA0D287C619F00D15A16 /* SettingsManager.swift in Sources */,
				C99D28182879A05F00596FBD /* DataManager.swift in Sources */,
				C96728832874E11A00B4990C /* IconTextView.swift in Sources */,
				C967287C2874553600B4990C /* Exercise.swift in Sources */,
				C9CEAA19287EB35100D15A16 /* ExerciseTasksButton.swift in Sources */,
				C99D281628799AE700596FBD /* DetailsView.swift in Sources */,
				C9DE152A2868B5500011324C /* Programs.swift in Sources */,
				C9CCCE9A284B6E09005665C8 /* ProgramDetailsView-ViewModel.swift in Sources */,
				C9A029032878478E00032FF9 /* DeleteAlert.swift in Sources */,
				C9A0D01A2827CEC9000CF439 /* Squirrel.swift in Sources */,
				C92F6C44286F0B0000D7BA59 /* ProgramDurationView.swift in Sources */,
				C9A0D00828228078000CF439 /* ProgramsView.swift in Sources */,
				C9741A362860860C00E1F670 /* ProgramEditor.swift in Sources */,
				C99D20E228719BB300F655C8 /* IntensityView.swift in Sources */,
				C9D53FB328704C6500FD2B6F /* EditExerciseView-ViewModel.swift in Sources */,
				C95011C928196FFD0043EC75 /* ContentView.swift in Sources */,
				C9C2727C2848C91500F7DA0E /* Array-Wrapper.swift in Sources */,
				C9D53FBC287064E200FD2B6F /* ProgramDurationSection.swift in Sources */,
				C9D53FAD286F2C4800FD2B6F /* Duration.swift in Sources */,
				C9CEAA13287DA76A00D15A16 /* SettingsSubgroupView.swift in Sources */,
				C9CEAA04287C309D00D15A16 /* ExamplesSettingsView.swift in Sources */,
				C9A0D02228280F3E000CF439 /* RightWing.swift in Sources */,
				C9A0CFEE281AB484000CF439 /* PracticeProgram.swift in Sources */,
				C9692C7C284F787700373730 /* ExerciseShortView.swift in Sources */,
				C9E0C42728801CDE00B8FBA8 /* SettingsConstants.swift in Sources */,
				C9CCCE98284B6DE5005665C8 /* ProgramDetailsView.swift in Sources */,
				C9D53FB528704E4000FD2B6F /* ValidationService.swift in Sources */,
				C9A0D02028280F13000CF439 /* SquirrelInWheel.swift in Sources */,
				C9CEAA02287C307D00D15A16 /* PauseSettingsView.swift in Sources */,
				C932522028798B7A009D5479 /* WelcomeView.swift in Sources */,
				C9741A3E2861128800E1F670 /* View-ImageRenderer.swift in Sources */,
				C9741A34286085E400E1F670 /* EditProgramView.swift in Sources */,
				C96728852874E71700B4990C /* PracticeSummaryView.swift in Sources */,
				C9CEAA08287C44EB00D15A16 /* DurationMinutesControl.swift in Sources */,
				C91982572876E297005D049C /* InfoButton.swift in Sources */,
				C9A0CFF2281B3733000CF439 /* PracticeExerciseView.swift in Sources */,
				C9ADD739287F602F00F465D5 /* RestoreDefaultsButton.swift in Sources */,
				C9EB6D952881902B0026186C /* String-Empty.swift in Sources */,
				C9A0D001281BE4C8000CF439 /* PlayerView.swift in Sources */,
				C9CEAA11287D964900D15A16 /* NumberSelectionControl.swift in Sources */,
				C9741A3C2860CD6300E1F670 /* ExerciseTypeImage.swift in Sources */,
				C95F17852884431700E8446D /* SettingsLink.swift in Sources */,
				C9A028FC287833F200032FF9 /* ManagedList.swift in Sources */,
				C9CEAA00287C2DFF00D15A16 /* SettingsSubgroupDetailsView.swift in Sources */,
				C9741A322860857F00E1F670 /* AddProgramView.swift in Sources */,
				C9692C832850A78300373730 /* TemplateManager.swift in Sources */,
				C9692C852850F47500373730 /* ExerciseSelectionView.swift in Sources */,
				C9B1E746287C293F00C92571 /* TabataSettingsView.swift in Sources */,
				C9741A5D2861F54600E1F670 /* IntensityImage.swift in Sources */,
				C9B1E744287C266000C92571 /* SettingsView.swift in Sources */,
				C9CCCE96284A31B9005665C8 /* ClockTime-Calculator.swift in Sources */,
				C9D156AE28533DD7007F5176 /* ExerciseSelectionView-ViewModel.swift in Sources */,
				C9A0CFFF281BDDEA000CF439 /* PracticeView.swift in Sources */,
				C9A0D024282813F2000CF439 /* ColorTheme.swift in Sources */,
				C9A0CFF7281BD815000CF439 /* ExerciseTemplate.swift in Sources */,
				C9CEAA15287DC98E00D15A16 /* SettingsItem.swift in Sources */,
				C9198259287786C7005D049C /* SortOptions.swift in Sources */,
				C9A028FA287831CC00032FF9 /* ContentView-ViewModel.swift in Sources */,
				C9A0D003281C03F5000CF439 /* Clock.swift in Sources */,
				C9741A5A2861EB0C00E1F670 /* ExerciseDetailsView-ViewModel.swift in Sources */,
				C9D53FBA2870519200FD2B6F /* EditProgramView-ViewModel.swift in Sources */,
				C9DE15212868AB520011324C /* Intensity.swift in Sources */,
				C9445C71285E0A9300DF2A08 /* ExerciseEditor.swift in Sources */,
				C9A0D01C28280DFA000CF439 /* SquirrelDrawer.swift in Sources */,
				C9DE151F2868AADE0011324C /* ExerciseType.swift in Sources */,
				C9CEAA06287C438500D15A16 /* DurationSecondsControl.swift in Sources */,
				C9EB6D972882B9D10026186C /* View-Truncated.swift in Sources */,
				C95011D52819703D0043EC75 /* ClockView.swift in Sources */,
				C9741A382860862900E1F670 /* ProgramEditor-ViewModel.swift in Sources */,
				C9CEAA1D287EC63600D15A16 /* RestartIconButton.swift in Sources */,
				C92F6C3E286DDFF400D7BA59 /* View-Wrapped.swift in Sources */,
				C9B1E748287C295900C92571 /* FlowSettingsView.swift in Sources */,
				C9CEAA17287DCCFD00D15A16 /* SettingsGroup.swift in Sources */,
				C9A0CFEC281AB382000CF439 /* PracticeExercise.swift in Sources */,
				C92F6C42286F00EB00D7BA59 /* LayoutUtils.swift in Sources */,
				C9A0D01E28280E77000CF439 /* SquirrelInWheelLogo.swift in Sources */,
				C95011C728196FFD0043EC75 /* SPracticeApp.swift in Sources */,
			);
			runOnlyForDeploymentPostprocessing = 0;
		};
/* End PBXSourcesBuildPhase section */

/* Begin XCBuildConfiguration section */
		C95011CF28196FFE0043EC75 /* Debug */ = {
			isa = XCBuildConfiguration;
			buildSettings = {
				ALWAYS_SEARCH_USER_PATHS = NO;
				CLANG_ANALYZER_NONNULL = YES;
				CLANG_ANALYZER_NUMBER_OBJECT_CONVERSION = YES_AGGRESSIVE;
				CLANG_CXX_LANGUAGE_STANDARD = "gnu++17";
				CLANG_ENABLE_MODULES = YES;
				CLANG_ENABLE_OBJC_ARC = YES;
				CLANG_ENABLE_OBJC_WEAK = YES;
				CLANG_WARN_BLOCK_CAPTURE_AUTORELEASING = YES;
				CLANG_WARN_BOOL_CONVERSION = YES;
				CLANG_WARN_COMMA = YES;
				CLANG_WARN_CONSTANT_CONVERSION = YES;
				CLANG_WARN_DEPRECATED_OBJC_IMPLEMENTATIONS = YES;
				CLANG_WARN_DIRECT_OBJC_ISA_USAGE = YES_ERROR;
				CLANG_WARN_DOCUMENTATION_COMMENTS = YES;
				CLANG_WARN_EMPTY_BODY = YES;
				CLANG_WARN_ENUM_CONVERSION = YES;
				CLANG_WARN_INFINITE_RECURSION = YES;
				CLANG_WARN_INT_CONVERSION = YES;
				CLANG_WARN_NON_LITERAL_NULL_CONVERSION = YES;
				CLANG_WARN_OBJC_IMPLICIT_RETAIN_SELF = YES;
				CLANG_WARN_OBJC_LITERAL_CONVERSION = YES;
				CLANG_WARN_OBJC_ROOT_CLASS = YES_ERROR;
				CLANG_WARN_QUOTED_INCLUDE_IN_FRAMEWORK_HEADER = YES;
				CLANG_WARN_RANGE_LOOP_ANALYSIS = YES;
				CLANG_WARN_STRICT_PROTOTYPES = YES;
				CLANG_WARN_SUSPICIOUS_MOVE = YES;
				CLANG_WARN_UNGUARDED_AVAILABILITY = YES_AGGRESSIVE;
				CLANG_WARN_UNREACHABLE_CODE = YES;
				CLANG_WARN__DUPLICATE_METHOD_MATCH = YES;
				COPY_PHASE_STRIP = NO;
				DEBUG_INFORMATION_FORMAT = dwarf;
				ENABLE_STRICT_OBJC_MSGSEND = YES;
				ENABLE_TESTABILITY = YES;
				GCC_C_LANGUAGE_STANDARD = gnu11;
				GCC_DYNAMIC_NO_PIC = NO;
				GCC_NO_COMMON_BLOCKS = YES;
				GCC_OPTIMIZATION_LEVEL = 0;
				GCC_PREPROCESSOR_DEFINITIONS = (
					"DEBUG=1",
					"$(inherited)",
				);
				GCC_WARN_64_TO_32_BIT_CONVERSION = YES;
				GCC_WARN_ABOUT_RETURN_TYPE = YES_ERROR;
				GCC_WARN_UNDECLARED_SELECTOR = YES;
				GCC_WARN_UNINITIALIZED_AUTOS = YES_AGGRESSIVE;
				GCC_WARN_UNUSED_FUNCTION = YES;
				GCC_WARN_UNUSED_VARIABLE = YES;
				IPHONEOS_DEPLOYMENT_TARGET = 15.4;
				MTL_ENABLE_DEBUG_INFO = INCLUDE_SOURCE;
				MTL_FAST_MATH = YES;
				ONLY_ACTIVE_ARCH = YES;
				SDKROOT = iphoneos;
				SWIFT_ACTIVE_COMPILATION_CONDITIONS = DEBUG;
				SWIFT_OPTIMIZATION_LEVEL = "-Onone";
			};
			name = Debug;
		};
		C95011D028196FFE0043EC75 /* Release */ = {
			isa = XCBuildConfiguration;
			buildSettings = {
				ALWAYS_SEARCH_USER_PATHS = NO;
				CLANG_ANALYZER_NONNULL = YES;
				CLANG_ANALYZER_NUMBER_OBJECT_CONVERSION = YES_AGGRESSIVE;
				CLANG_CXX_LANGUAGE_STANDARD = "gnu++17";
				CLANG_ENABLE_MODULES = YES;
				CLANG_ENABLE_OBJC_ARC = YES;
				CLANG_ENABLE_OBJC_WEAK = YES;
				CLANG_WARN_BLOCK_CAPTURE_AUTORELEASING = YES;
				CLANG_WARN_BOOL_CONVERSION = YES;
				CLANG_WARN_COMMA = YES;
				CLANG_WARN_CONSTANT_CONVERSION = YES;
				CLANG_WARN_DEPRECATED_OBJC_IMPLEMENTATIONS = YES;
				CLANG_WARN_DIRECT_OBJC_ISA_USAGE = YES_ERROR;
				CLANG_WARN_DOCUMENTATION_COMMENTS = YES;
				CLANG_WARN_EMPTY_BODY = YES;
				CLANG_WARN_ENUM_CONVERSION = YES;
				CLANG_WARN_INFINITE_RECURSION = YES;
				CLANG_WARN_INT_CONVERSION = YES;
				CLANG_WARN_NON_LITERAL_NULL_CONVERSION = YES;
				CLANG_WARN_OBJC_IMPLICIT_RETAIN_SELF = YES;
				CLANG_WARN_OBJC_LITERAL_CONVERSION = YES;
				CLANG_WARN_OBJC_ROOT_CLASS = YES_ERROR;
				CLANG_WARN_QUOTED_INCLUDE_IN_FRAMEWORK_HEADER = YES;
				CLANG_WARN_RANGE_LOOP_ANALYSIS = YES;
				CLANG_WARN_STRICT_PROTOTYPES = YES;
				CLANG_WARN_SUSPICIOUS_MOVE = YES;
				CLANG_WARN_UNGUARDED_AVAILABILITY = YES_AGGRESSIVE;
				CLANG_WARN_UNREACHABLE_CODE = YES;
				CLANG_WARN__DUPLICATE_METHOD_MATCH = YES;
				COPY_PHASE_STRIP = NO;
				DEBUG_INFORMATION_FORMAT = "dwarf-with-dsym";
				ENABLE_NS_ASSERTIONS = NO;
				ENABLE_STRICT_OBJC_MSGSEND = YES;
				GCC_C_LANGUAGE_STANDARD = gnu11;
				GCC_NO_COMMON_BLOCKS = YES;
				GCC_WARN_64_TO_32_BIT_CONVERSION = YES;
				GCC_WARN_ABOUT_RETURN_TYPE = YES_ERROR;
				GCC_WARN_UNDECLARED_SELECTOR = YES;
				GCC_WARN_UNINITIALIZED_AUTOS = YES_AGGRESSIVE;
				GCC_WARN_UNUSED_FUNCTION = YES;
				GCC_WARN_UNUSED_VARIABLE = YES;
				IPHONEOS_DEPLOYMENT_TARGET = 15.4;
				MTL_ENABLE_DEBUG_INFO = NO;
				MTL_FAST_MATH = YES;
				SDKROOT = iphoneos;
				SWIFT_COMPILATION_MODE = wholemodule;
				SWIFT_OPTIMIZATION_LEVEL = "-O";
				VALIDATE_PRODUCT = YES;
			};
			name = Release;
		};
		C95011D228196FFE0043EC75 /* Debug */ = {
			isa = XCBuildConfiguration;
			buildSettings = {
				ASSETCATALOG_COMPILER_APPICON_NAME = AppIcon;
				ASSETCATALOG_COMPILER_GLOBAL_ACCENT_COLOR_NAME = AccentColor;
				CODE_SIGN_STYLE = Automatic;
				CURRENT_PROJECT_VERSION = 1;
				DEVELOPMENT_ASSET_PATHS = "\"SPractice/Preview Content\"";
				DEVELOPMENT_TEAM = 755WLDCD84;
				ENABLE_PREVIEWS = YES;
				GENERATE_INFOPLIST_FILE = YES;
				INFOPLIST_KEY_NSPhotoLibraryAddUsageDescription = "Need to save the logo";
				INFOPLIST_KEY_UIApplicationSceneManifest_Generation = YES;
				INFOPLIST_KEY_UIApplicationSupportsIndirectInputEvents = YES;
				INFOPLIST_KEY_UILaunchScreen_Generation = YES;
				INFOPLIST_KEY_UISupportedInterfaceOrientations_iPad = "UIInterfaceOrientationPortrait UIInterfaceOrientationPortraitUpsideDown UIInterfaceOrientationLandscapeLeft UIInterfaceOrientationLandscapeRight";
				INFOPLIST_KEY_UISupportedInterfaceOrientations_iPhone = "UIInterfaceOrientationPortrait UIInterfaceOrientationLandscapeLeft UIInterfaceOrientationLandscapeRight";
				LD_RUNPATH_SEARCH_PATHS = (
					"$(inherited)",
					"@executable_path/Frameworks",
				);
				MARKETING_VERSION = 1.0;
				PRODUCT_BUNDLE_IDENTIFIER = com.flng.squirrl.SPractice;
				PRODUCT_NAME = "$(TARGET_NAME)";
				SWIFT_EMIT_LOC_STRINGS = YES;
				SWIFT_VERSION = 5.0;
				TARGETED_DEVICE_FAMILY = "1,2";
			};
			name = Debug;
		};
		C95011D328196FFE0043EC75 /* Release */ = {
			isa = XCBuildConfiguration;
			buildSettings = {
				ASSETCATALOG_COMPILER_APPICON_NAME = AppIcon;
				ASSETCATALOG_COMPILER_GLOBAL_ACCENT_COLOR_NAME = AccentColor;
				CODE_SIGN_STYLE = Automatic;
				CURRENT_PROJECT_VERSION = 1;
				DEVELOPMENT_ASSET_PATHS = "\"SPractice/Preview Content\"";
				DEVELOPMENT_TEAM = 755WLDCD84;
				ENABLE_PREVIEWS = YES;
				GENERATE_INFOPLIST_FILE = YES;
				INFOPLIST_KEY_NSPhotoLibraryAddUsageDescription = "Need to save the logo";
				INFOPLIST_KEY_UIApplicationSceneManifest_Generation = YES;
				INFOPLIST_KEY_UIApplicationSupportsIndirectInputEvents = YES;
				INFOPLIST_KEY_UILaunchScreen_Generation = YES;
				INFOPLIST_KEY_UISupportedInterfaceOrientations_iPad = "UIInterfaceOrientationPortrait UIInterfaceOrientationPortraitUpsideDown UIInterfaceOrientationLandscapeLeft UIInterfaceOrientationLandscapeRight";
				INFOPLIST_KEY_UISupportedInterfaceOrientations_iPhone = "UIInterfaceOrientationPortrait UIInterfaceOrientationLandscapeLeft UIInterfaceOrientationLandscapeRight";
				LD_RUNPATH_SEARCH_PATHS = (
					"$(inherited)",
					"@executable_path/Frameworks",
				);
				MARKETING_VERSION = 1.0;
				PRODUCT_BUNDLE_IDENTIFIER = com.flng.squirrl.SPractice;
				PRODUCT_NAME = "$(TARGET_NAME)";
				SWIFT_EMIT_LOC_STRINGS = YES;
				SWIFT_VERSION = 5.0;
				TARGETED_DEVICE_FAMILY = "1,2";
			};
			name = Release;
		};
/* End XCBuildConfiguration section */

/* Begin XCConfigurationList section */
		C95011BE28196FFD0043EC75 /* Build configuration list for PBXProject "SPractice" */ = {
			isa = XCConfigurationList;
			buildConfigurations = (
				C95011CF28196FFE0043EC75 /* Debug */,
				C95011D028196FFE0043EC75 /* Release */,
			);
			defaultConfigurationIsVisible = 0;
			defaultConfigurationName = Release;
		};
		C95011D128196FFE0043EC75 /* Build configuration list for PBXNativeTarget "SPractice" */ = {
			isa = XCConfigurationList;
			buildConfigurations = (
				C95011D228196FFE0043EC75 /* Debug */,
				C95011D328196FFE0043EC75 /* Release */,
			);
			defaultConfigurationIsVisible = 0;
			defaultConfigurationName = Release;
		};
/* End XCConfigurationList section */
	};
	rootObject = C95011BB28196FFD0043EC75 /* Project object */;
}
