// !$*UTF8*$!
{
	archiveVersion = 1;
	classes = {
	};
	objectVersion = 55;
	objects = {

/* Begin PBXBuildFile section */
		C95011C728196FFD0043EC75 /* SPracticeApp.swift in Sources */ = {isa = PBXBuildFile; fileRef = C95011C628196FFD0043EC75 /* SPracticeApp.swift */; };
		C95011C928196FFD0043EC75 /* ContentView.swift in Sources */ = {isa = PBXBuildFile; fileRef = C95011C828196FFD0043EC75 /* ContentView.swift */; };
		C95011CB28196FFE0043EC75 /* Assets.xcassets in Resources */ = {isa = PBXBuildFile; fileRef = C95011CA28196FFE0043EC75 /* Assets.xcassets */; };
		C95011CE28196FFE0043EC75 /* Preview Assets.xcassets in Resources */ = {isa = PBXBuildFile; fileRef = C95011CD28196FFE0043EC75 /* Preview Assets.xcassets */; };
		C95011D52819703D0043EC75 /* ClockView.swift in Sources */ = {isa = PBXBuildFile; fileRef = C95011D42819703D0043EC75 /* ClockView.swift */; };
		C9A0CFEA281AB32B000CF439 /* Task.swift in Sources */ = {isa = PBXBuildFile; fileRef = C9A0CFE9281AB32B000CF439 /* Task.swift */; };
		C9A0CFEC281AB382000CF439 /* Exercise.swift in Sources */ = {isa = PBXBuildFile; fileRef = C9A0CFEB281AB382000CF439 /* Exercise.swift */; };
		C9A0CFEE281AB484000CF439 /* Program.swift in Sources */ = {isa = PBXBuildFile; fileRef = C9A0CFED281AB484000CF439 /* Program.swift */; };
		C9A0CFF2281B3733000CF439 /* ExerciseView.swift in Sources */ = {isa = PBXBuildFile; fileRef = C9A0CFF1281B3733000CF439 /* ExerciseView.swift */; };
		C9A0CFF5281BD588000CF439 /* ProgramTemplate.swift in Sources */ = {isa = PBXBuildFile; fileRef = C9A0CFF4281BD588000CF439 /* ProgramTemplate.swift */; };
		C9A0CFF7281BD815000CF439 /* ExerciseTemplate.swift in Sources */ = {isa = PBXBuildFile; fileRef = C9A0CFF6281BD815000CF439 /* ExerciseTemplate.swift */; };
		C9A0CFF9281BD896000CF439 /* TaskType.swift in Sources */ = {isa = PBXBuildFile; fileRef = C9A0CFF8281BD896000CF439 /* TaskType.swift */; };
		C9A0CFFB281BD8AC000CF439 /* ExerciseType.swift in Sources */ = {isa = PBXBuildFile; fileRef = C9A0CFFA281BD8AC000CF439 /* ExerciseType.swift */; };
		C9A0CFFF281BDDEA000CF439 /* PracticeView.swift in Sources */ = {isa = PBXBuildFile; fileRef = C9A0CFFE281BDDEA000CF439 /* PracticeView.swift */; };
		C9A0D001281BE4C8000CF439 /* PlayerView.swift in Sources */ = {isa = PBXBuildFile; fileRef = C9A0D000281BE4C8000CF439 /* PlayerView.swift */; };
		C9A0D003281C03F5000CF439 /* Clock.swift in Sources */ = {isa = PBXBuildFile; fileRef = C9A0D002281C03F5000CF439 /* Clock.swift */; };
		C9A0D00628211901000CF439 /* NewExerciseView.swift in Sources */ = {isa = PBXBuildFile; fileRef = C9A0D00528211901000CF439 /* NewExerciseView.swift */; };
		C9A0D00828228078000CF439 /* ProgramsView.swift in Sources */ = {isa = PBXBuildFile; fileRef = C9A0D00728228078000CF439 /* ProgramsView.swift */; };
		C9A0D00C282290BB000CF439 /* NewProgramView.swift in Sources */ = {isa = PBXBuildFile; fileRef = C9A0D00B282290BB000CF439 /* NewProgramView.swift */; };
/* End PBXBuildFile section */

/* Begin PBXFileReference section */
		C95011C328196FFD0043EC75 /* SPractice.app */ = {isa = PBXFileReference; explicitFileType = wrapper.application; includeInIndex = 0; path = SPractice.app; sourceTree = BUILT_PRODUCTS_DIR; };
		C95011C628196FFD0043EC75 /* SPracticeApp.swift */ = {isa = PBXFileReference; lastKnownFileType = sourcecode.swift; path = SPracticeApp.swift; sourceTree = "<group>"; };
		C95011C828196FFD0043EC75 /* ContentView.swift */ = {isa = PBXFileReference; lastKnownFileType = sourcecode.swift; path = ContentView.swift; sourceTree = "<group>"; };
		C95011CA28196FFE0043EC75 /* Assets.xcassets */ = {isa = PBXFileReference; lastKnownFileType = folder.assetcatalog; path = Assets.xcassets; sourceTree = "<group>"; };
		C95011CD28196FFE0043EC75 /* Preview Assets.xcassets */ = {isa = PBXFileReference; lastKnownFileType = folder.assetcatalog; path = "Preview Assets.xcassets"; sourceTree = "<group>"; };
		C95011D42819703D0043EC75 /* ClockView.swift */ = {isa = PBXFileReference; lastKnownFileType = sourcecode.swift; path = ClockView.swift; sourceTree = "<group>"; };
		C9A0CFE9281AB32B000CF439 /* Task.swift */ = {isa = PBXFileReference; lastKnownFileType = sourcecode.swift; path = Task.swift; sourceTree = "<group>"; };
		C9A0CFEB281AB382000CF439 /* Exercise.swift */ = {isa = PBXFileReference; lastKnownFileType = sourcecode.swift; path = Exercise.swift; sourceTree = "<group>"; };
		C9A0CFED281AB484000CF439 /* Program.swift */ = {isa = PBXFileReference; lastKnownFileType = sourcecode.swift; path = Program.swift; sourceTree = "<group>"; };
		C9A0CFF1281B3733000CF439 /* ExerciseView.swift */ = {isa = PBXFileReference; lastKnownFileType = sourcecode.swift; path = ExerciseView.swift; sourceTree = "<group>"; };
		C9A0CFF4281BD588000CF439 /* ProgramTemplate.swift */ = {isa = PBXFileReference; lastKnownFileType = sourcecode.swift; path = ProgramTemplate.swift; sourceTree = "<group>"; };
		C9A0CFF6281BD815000CF439 /* ExerciseTemplate.swift */ = {isa = PBXFileReference; lastKnownFileType = sourcecode.swift; path = ExerciseTemplate.swift; sourceTree = "<group>"; };
		C9A0CFF8281BD896000CF439 /* TaskType.swift */ = {isa = PBXFileReference; lastKnownFileType = sourcecode.swift; path = TaskType.swift; sourceTree = "<group>"; };
		C9A0CFFA281BD8AC000CF439 /* ExerciseType.swift */ = {isa = PBXFileReference; lastKnownFileType = sourcecode.swift; path = ExerciseType.swift; sourceTree = "<group>"; };
		C9A0CFFE281BDDEA000CF439 /* PracticeView.swift */ = {isa = PBXFileReference; lastKnownFileType = sourcecode.swift; path = PracticeView.swift; sourceTree = "<group>"; };
		C9A0D000281BE4C8000CF439 /* PlayerView.swift */ = {isa = PBXFileReference; lastKnownFileType = sourcecode.swift; path = PlayerView.swift; sourceTree = "<group>"; };
		C9A0D002281C03F5000CF439 /* Clock.swift */ = {isa = PBXFileReference; lastKnownFileType = sourcecode.swift; path = Clock.swift; sourceTree = "<group>"; };
		C9A0D00528211901000CF439 /* NewExerciseView.swift */ = {isa = PBXFileReference; lastKnownFileType = sourcecode.swift; path = NewExerciseView.swift; sourceTree = "<group>"; };
		C9A0D00728228078000CF439 /* ProgramsView.swift */ = {isa = PBXFileReference; lastKnownFileType = sourcecode.swift; path = ProgramsView.swift; sourceTree = "<group>"; };
		C9A0D00B282290BB000CF439 /* NewProgramView.swift */ = {isa = PBXFileReference; lastKnownFileType = sourcecode.swift; path = NewProgramView.swift; sourceTree = "<group>"; };
/* End PBXFileReference section */

/* Begin PBXFrameworksBuildPhase section */
		C95011C028196FFD0043EC75 /* Frameworks */ = {
			isa = PBXFrameworksBuildPhase;
			buildActionMask = 2147483647;
			files = (
			);
			runOnlyForDeploymentPostprocessing = 0;
		};
/* End PBXFrameworksBuildPhase section */

/* Begin PBXGroup section */
		C95011BA28196FFD0043EC75 = {
			isa = PBXGroup;
			children = (
				C95011C528196FFD0043EC75 /* SPractice */,
				C95011C428196FFD0043EC75 /* Products */,
			);
			sourceTree = "<group>";
		};
		C95011C428196FFD0043EC75 /* Products */ = {
			isa = PBXGroup;
			children = (
				C95011C328196FFD0043EC75 /* SPractice.app */,
			);
			name = Products;
			sourceTree = "<group>";
		};
		C95011C528196FFD0043EC75 /* SPractice */ = {
			isa = PBXGroup;
			children = (
				C9A0D004282118C8000CF439 /* exercise */,
				C9A0CFEF281AB554000CF439 /* model */,
				C9A0D00A28229087000CF439 /* program */,
				C95011C628196FFD0043EC75 /* SPracticeApp.swift */,
				C95011C828196FFD0043EC75 /* ContentView.swift */,
				C9A0D00728228078000CF439 /* ProgramsView.swift */,
				C9A0CFFE281BDDEA000CF439 /* PracticeView.swift */,
				C9A0D000281BE4C8000CF439 /* PlayerView.swift */,
				C9A0CFF1281B3733000CF439 /* ExerciseView.swift */,
				C95011D42819703D0043EC75 /* ClockView.swift */,
				C95011CA28196FFE0043EC75 /* Assets.xcassets */,
				C95011CC28196FFE0043EC75 /* Preview Content */,
			);
			path = SPractice;
			sourceTree = "<group>";
		};
		C95011CC28196FFE0043EC75 /* Preview Content */ = {
			isa = PBXGroup;
			children = (
				C95011CD28196FFE0043EC75 /* Preview Assets.xcassets */,
			);
			path = "Preview Content";
			sourceTree = "<group>";
		};
		C9A0CFEF281AB554000CF439 /* model */ = {
			isa = PBXGroup;
			children = (
				C9A0CFF4281BD588000CF439 /* ProgramTemplate.swift */,
				C9A0CFF6281BD815000CF439 /* ExerciseTemplate.swift */,
				C9A0CFED281AB484000CF439 /* Program.swift */,
				C9A0CFEB281AB382000CF439 /* Exercise.swift */,
				C9A0CFE9281AB32B000CF439 /* Task.swift */,
				C9A0CFF8281BD896000CF439 /* TaskType.swift */,
				C9A0CFFA281BD8AC000CF439 /* ExerciseType.swift */,
				C9A0D002281C03F5000CF439 /* Clock.swift */,
			);
			path = model;
			sourceTree = "<group>";
		};
		C9A0D004282118C8000CF439 /* exercise */ = {
			isa = PBXGroup;
			children = (
				C9A0D00528211901000CF439 /* NewExerciseView.swift */,
			);
			path = exercise;
			sourceTree = "<group>";
		};
		C9A0D00A28229087000CF439 /* program */ = {
			isa = PBXGroup;
			children = (
				C9A0D00B282290BB000CF439 /* NewProgramView.swift */,
			);
			path = program;
			sourceTree = "<group>";
		};
/* End PBXGroup section */

/* Begin PBXNativeTarget section */
		C95011C228196FFD0043EC75 /* SPractice */ = {
			isa = PBXNativeTarget;
			buildConfigurationList = C95011D128196FFE0043EC75 /* Build configuration list for PBXNativeTarget "SPractice" */;
			buildPhases = (
				C95011BF28196FFD0043EC75 /* Sources */,
				C95011C028196FFD0043EC75 /* Frameworks */,
				C95011C128196FFD0043EC75 /* Resources */,
			);
			buildRules = (
			);
			dependencies = (
			);
			name = SPractice;
			productName = SPractice;
			productReference = C95011C328196FFD0043EC75 /* SPractice.app */;
			productType = "com.apple.product-type.application";
		};
/* End PBXNativeTarget section */

/* Begin PBXProject section */
		C95011BB28196FFD0043EC75 /* Project object */ = {
			isa = PBXProject;
			attributes = {
				BuildIndependentTargetsInParallel = 1;
				LastSwiftUpdateCheck = 1330;
				LastUpgradeCheck = 1330;
				TargetAttributes = {
					C95011C228196FFD0043EC75 = {
						CreatedOnToolsVersion = 13.3.1;
					};
				};
			};
			buildConfigurationList = C95011BE28196FFD0043EC75 /* Build configuration list for PBXProject "SPractice" */;
			compatibilityVersion = "Xcode 13.0";
			developmentRegion = en;
			hasScannedForEncodings = 0;
			knownRegions = (
				en,
				Base,
			);
			mainGroup = C95011BA28196FFD0043EC75;
			productRefGroup = C95011C428196FFD0043EC75 /* Products */;
			projectDirPath = "";
			projectRoot = "";
			targets = (
				C95011C228196FFD0043EC75 /* SPractice */,
			);
		};
/* End PBXProject section */

/* Begin PBXResourcesBuildPhase section */
		C95011C128196FFD0043EC75 /* Resources */ = {
			isa = PBXResourcesBuildPhase;
			buildActionMask = 2147483647;
			files = (
				C95011CE28196FFE0043EC75 /* Preview Assets.xcassets in Resources */,
				C95011CB28196FFE0043EC75 /* Assets.xcassets in Resources */,
			);
			runOnlyForDeploymentPostprocessing = 0;
		};
/* End PBXResourcesBuildPhase section */

/* Begin PBXSourcesBuildPhase section */
		C95011BF28196FFD0043EC75 /* Sources */ = {
			isa = PBXSourcesBuildPhase;
			buildActionMask = 2147483647;
			files = (
				C9A0CFF5281BD588000CF439 /* ProgramTemplate.swift in Sources */,
				C9A0CFEA281AB32B000CF439 /* Task.swift in Sources */,
				C9A0D00628211901000CF439 /* NewExerciseView.swift in Sources */,
				C9A0D00828228078000CF439 /* ProgramsView.swift in Sources */,
				C9A0CFF9281BD896000CF439 /* TaskType.swift in Sources */,
				C95011C928196FFD0043EC75 /* ContentView.swift in Sources */,
				C9A0CFEE281AB484000CF439 /* Program.swift in Sources */,
				C9A0CFFB281BD8AC000CF439 /* ExerciseType.swift in Sources */,
				C9A0CFF2281B3733000CF439 /* ExerciseView.swift in Sources */,
				C9A0D001281BE4C8000CF439 /* PlayerView.swift in Sources */,
				C9A0D00C282290BB000CF439 /* NewProgramView.swift in Sources */,
				C9A0CFFF281BDDEA000CF439 /* PracticeView.swift in Sources */,
				C9A0CFF7281BD815000CF439 /* ExerciseTemplate.swift in Sources */,
				C9A0D003281C03F5000CF439 /* Clock.swift in Sources */,
				C95011D52819703D0043EC75 /* ClockView.swift in Sources */,
				C9A0CFEC281AB382000CF439 /* Exercise.swift in Sources */,
				C95011C728196FFD0043EC75 /* SPracticeApp.swift in Sources */,
			);
			runOnlyForDeploymentPostprocessing = 0;
		};
/* End PBXSourcesBuildPhase section */

/* Begin XCBuildConfiguration section */
		C95011CF28196FFE0043EC75 /* Debug */ = {
			isa = XCBuildConfiguration;
			buildSettings = {
				ALWAYS_SEARCH_USER_PATHS = NO;
				CLANG_ANALYZER_NONNULL = YES;
				CLANG_ANALYZER_NUMBER_OBJECT_CONVERSION = YES_AGGRESSIVE;
				CLANG_CXX_LANGUAGE_STANDARD = "gnu++17";
				CLANG_ENABLE_MODULES = YES;
				CLANG_ENABLE_OBJC_ARC = YES;
				CLANG_ENABLE_OBJC_WEAK = YES;
				CLANG_WARN_BLOCK_CAPTURE_AUTORELEASING = YES;
				CLANG_WARN_BOOL_CONVERSION = YES;
				CLANG_WARN_COMMA = YES;
				CLANG_WARN_CONSTANT_CONVERSION = YES;
				CLANG_WARN_DEPRECATED_OBJC_IMPLEMENTATIONS = YES;
				CLANG_WARN_DIRECT_OBJC_ISA_USAGE = YES_ERROR;
				CLANG_WARN_DOCUMENTATION_COMMENTS = YES;
				CLANG_WARN_EMPTY_BODY = YES;
				CLANG_WARN_ENUM_CONVERSION = YES;
				CLANG_WARN_INFINITE_RECURSION = YES;
				CLANG_WARN_INT_CONVERSION = YES;
				CLANG_WARN_NON_LITERAL_NULL_CONVERSION = YES;
				CLANG_WARN_OBJC_IMPLICIT_RETAIN_SELF = YES;
				CLANG_WARN_OBJC_LITERAL_CONVERSION = YES;
				CLANG_WARN_OBJC_ROOT_CLASS = YES_ERROR;
				CLANG_WARN_QUOTED_INCLUDE_IN_FRAMEWORK_HEADER = YES;
				CLANG_WARN_RANGE_LOOP_ANALYSIS = YES;
				CLANG_WARN_STRICT_PROTOTYPES = YES;
				CLANG_WARN_SUSPICIOUS_MOVE = YES;
				CLANG_WARN_UNGUARDED_AVAILABILITY = YES_AGGRESSIVE;
				CLANG_WARN_UNREACHABLE_CODE = YES;
				CLANG_WARN__DUPLICATE_METHOD_MATCH = YES;
				COPY_PHASE_STRIP = NO;
				DEBUG_INFORMATION_FORMAT = dwarf;
				ENABLE_STRICT_OBJC_MSGSEND = YES;
				ENABLE_TESTABILITY = YES;
				GCC_C_LANGUAGE_STANDARD = gnu11;
				GCC_DYNAMIC_NO_PIC = NO;
				GCC_NO_COMMON_BLOCKS = YES;
				GCC_OPTIMIZATION_LEVEL = 0;
				GCC_PREPROCESSOR_DEFINITIONS = (
					"DEBUG=1",
					"$(inherited)",
				);
				GCC_WARN_64_TO_32_BIT_CONVERSION = YES;
				GCC_WARN_ABOUT_RETURN_TYPE = YES_ERROR;
				GCC_WARN_UNDECLARED_SELECTOR = YES;
				GCC_WARN_UNINITIALIZED_AUTOS = YES_AGGRESSIVE;
				GCC_WARN_UNUSED_FUNCTION = YES;
				GCC_WARN_UNUSED_VARIABLE = YES;
				IPHONEOS_DEPLOYMENT_TARGET = 15.4;
				MTL_ENABLE_DEBUG_INFO = INCLUDE_SOURCE;
				MTL_FAST_MATH = YES;
				ONLY_ACTIVE_ARCH = YES;
				SDKROOT = iphoneos;
				SWIFT_ACTIVE_COMPILATION_CONDITIONS = DEBUG;
				SWIFT_OPTIMIZATION_LEVEL = "-Onone";
			};
			name = Debug;
		};
		C95011D028196FFE0043EC75 /* Release */ = {
			isa = XCBuildConfiguration;
			buildSettings = {
				ALWAYS_SEARCH_USER_PATHS = NO;
				CLANG_ANALYZER_NONNULL = YES;
				CLANG_ANALYZER_NUMBER_OBJECT_CONVERSION = YES_AGGRESSIVE;
				CLANG_CXX_LANGUAGE_STANDARD = "gnu++17";
				CLANG_ENABLE_MODULES = YES;
				CLANG_ENABLE_OBJC_ARC = YES;
				CLANG_ENABLE_OBJC_WEAK = YES;
				CLANG_WARN_BLOCK_CAPTURE_AUTORELEASING = YES;
				CLANG_WARN_BOOL_CONVERSION = YES;
				CLANG_WARN_COMMA = YES;
				CLANG_WARN_CONSTANT_CONVERSION = YES;
				CLANG_WARN_DEPRECATED_OBJC_IMPLEMENTATIONS = YES;
				CLANG_WARN_DIRECT_OBJC_ISA_USAGE = YES_ERROR;
				CLANG_WARN_DOCUMENTATION_COMMENTS = YES;
				CLANG_WARN_EMPTY_BODY = YES;
				CLANG_WARN_ENUM_CONVERSION = YES;
				CLANG_WARN_INFINITE_RECURSION = YES;
				CLANG_WARN_INT_CONVERSION = YES;
				CLANG_WARN_NON_LITERAL_NULL_CONVERSION = YES;
				CLANG_WARN_OBJC_IMPLICIT_RETAIN_SELF = YES;
				CLANG_WARN_OBJC_LITERAL_CONVERSION = YES;
				CLANG_WARN_OBJC_ROOT_CLASS = YES_ERROR;
				CLANG_WARN_QUOTED_INCLUDE_IN_FRAMEWORK_HEADER = YES;
				CLANG_WARN_RANGE_LOOP_ANALYSIS = YES;
				CLANG_WARN_STRICT_PROTOTYPES = YES;
				CLANG_WARN_SUSPICIOUS_MOVE = YES;
				CLANG_WARN_UNGUARDED_AVAILABILITY = YES_AGGRESSIVE;
				CLANG_WARN_UNREACHABLE_CODE = YES;
				CLANG_WARN__DUPLICATE_METHOD_MATCH = YES;
				COPY_PHASE_STRIP = NO;
				DEBUG_INFORMATION_FORMAT = "dwarf-with-dsym";
				ENABLE_NS_ASSERTIONS = NO;
				ENABLE_STRICT_OBJC_MSGSEND = YES;
				GCC_C_LANGUAGE_STANDARD = gnu11;
				GCC_NO_COMMON_BLOCKS = YES;
				GCC_WARN_64_TO_32_BIT_CONVERSION = YES;
				GCC_WARN_ABOUT_RETURN_TYPE = YES_ERROR;
				GCC_WARN_UNDECLARED_SELECTOR = YES;
				GCC_WARN_UNINITIALIZED_AUTOS = YES_AGGRESSIVE;
				GCC_WARN_UNUSED_FUNCTION = YES;
				GCC_WARN_UNUSED_VARIABLE = YES;
				IPHONEOS_DEPLOYMENT_TARGET = 15.4;
				MTL_ENABLE_DEBUG_INFO = NO;
				MTL_FAST_MATH = YES;
				SDKROOT = iphoneos;
				SWIFT_COMPILATION_MODE = wholemodule;
				SWIFT_OPTIMIZATION_LEVEL = "-O";
				VALIDATE_PRODUCT = YES;
			};
			name = Release;
		};
		C95011D228196FFE0043EC75 /* Debug */ = {
			isa = XCBuildConfiguration;
			buildSettings = {
				ASSETCATALOG_COMPILER_APPICON_NAME = AppIcon;
				ASSETCATALOG_COMPILER_GLOBAL_ACCENT_COLOR_NAME = AccentColor;
				CODE_SIGN_STYLE = Automatic;
				CURRENT_PROJECT_VERSION = 1;
				DEVELOPMENT_ASSET_PATHS = "\"SPractice/Preview Content\"";
				DEVELOPMENT_TEAM = 755WLDCD84;
				ENABLE_PREVIEWS = YES;
				GENERATE_INFOPLIST_FILE = YES;
				INFOPLIST_KEY_UIApplicationSceneManifest_Generation = YES;
				INFOPLIST_KEY_UIApplicationSupportsIndirectInputEvents = YES;
				INFOPLIST_KEY_UILaunchScreen_Generation = YES;
				INFOPLIST_KEY_UISupportedInterfaceOrientations_iPad = "UIInterfaceOrientationPortrait UIInterfaceOrientationPortraitUpsideDown UIInterfaceOrientationLandscapeLeft UIInterfaceOrientationLandscapeRight";
				INFOPLIST_KEY_UISupportedInterfaceOrientations_iPhone = "UIInterfaceOrientationPortrait UIInterfaceOrientationLandscapeLeft UIInterfaceOrientationLandscapeRight";
				LD_RUNPATH_SEARCH_PATHS = (
					"$(inherited)",
					"@executable_path/Frameworks",
				);
				MARKETING_VERSION = 1.0;
				PRODUCT_BUNDLE_IDENTIFIER = com.flng.squirrl.SPractice;
				PRODUCT_NAME = "$(TARGET_NAME)";
				SWIFT_EMIT_LOC_STRINGS = YES;
				SWIFT_VERSION = 5.0;
				TARGETED_DEVICE_FAMILY = "1,2";
			};
			name = Debug;
		};
		C95011D328196FFE0043EC75 /* Release */ = {
			isa = XCBuildConfiguration;
			buildSettings = {
				ASSETCATALOG_COMPILER_APPICON_NAME = AppIcon;
				ASSETCATALOG_COMPILER_GLOBAL_ACCENT_COLOR_NAME = AccentColor;
				CODE_SIGN_STYLE = Automatic;
				CURRENT_PROJECT_VERSION = 1;
				DEVELOPMENT_ASSET_PATHS = "\"SPractice/Preview Content\"";
				DEVELOPMENT_TEAM = 755WLDCD84;
				ENABLE_PREVIEWS = YES;
				GENERATE_INFOPLIST_FILE = YES;
				INFOPLIST_KEY_UIApplicationSceneManifest_Generation = YES;
				INFOPLIST_KEY_UIApplicationSupportsIndirectInputEvents = YES;
				INFOPLIST_KEY_UILaunchScreen_Generation = YES;
				INFOPLIST_KEY_UISupportedInterfaceOrientations_iPad = "UIInterfaceOrientationPortrait UIInterfaceOrientationPortraitUpsideDown UIInterfaceOrientationLandscapeLeft UIInterfaceOrientationLandscapeRight";
				INFOPLIST_KEY_UISupportedInterfaceOrientations_iPhone = "UIInterfaceOrientationPortrait UIInterfaceOrientationLandscapeLeft UIInterfaceOrientationLandscapeRight";
				LD_RUNPATH_SEARCH_PATHS = (
					"$(inherited)",
					"@executable_path/Frameworks",
				);
				MARKETING_VERSION = 1.0;
				PRODUCT_BUNDLE_IDENTIFIER = com.flng.squirrl.SPractice;
				PRODUCT_NAME = "$(TARGET_NAME)";
				SWIFT_EMIT_LOC_STRINGS = YES;
				SWIFT_VERSION = 5.0;
				TARGETED_DEVICE_FAMILY = "1,2";
			};
			name = Release;
		};
/* End XCBuildConfiguration section */

/* Begin XCConfigurationList section */
		C95011BE28196FFD0043EC75 /* Build configuration list for PBXProject "SPractice" */ = {
			isa = XCConfigurationList;
			buildConfigurations = (
				C95011CF28196FFE0043EC75 /* Debug */,
				C95011D028196FFE0043EC75 /* Release */,
			);
			defaultConfigurationIsVisible = 0;
			defaultConfigurationName = Release;
		};
		C95011D128196FFE0043EC75 /* Build configuration list for PBXNativeTarget "SPractice" */ = {
			isa = XCConfigurationList;
			buildConfigurations = (
				C95011D228196FFE0043EC75 /* Debug */,
				C95011D328196FFE0043EC75 /* Release */,
			);
			defaultConfigurationIsVisible = 0;
			defaultConfigurationName = Release;
		};
/* End XCConfigurationList section */
	};
	rootObject = C95011BB28196FFD0043EC75 /* Project object */;
}
